// !$*UTF8*$!
{
	archiveVersion = 1;
	classes = {
	};
	objectVersion = 52;
	objects = {

/* Begin PBXBuildFile section */
		CDD30657245ED19100A64B88 /* CodeScanner in Frameworks */ = {isa = PBXBuildFile; productRef = CDD30656245ED19100A64B88 /* CodeScanner */; };
		CDD30659245EE84000A64B88 /* MeData.swift in Sources */ = {isa = PBXBuildFile; fileRef = CDD30658245EE84000A64B88 /* MeData.swift */; };
		CDE6FC00245D7E9400826983 /* AppDelegate.swift in Sources */ = {isa = PBXBuildFile; fileRef = CDE6FBFF245D7E9400826983 /* AppDelegate.swift */; };
		CDE6FC02245D7E9400826983 /* SceneDelegate.swift in Sources */ = {isa = PBXBuildFile; fileRef = CDE6FC01245D7E9400826983 /* SceneDelegate.swift */; };
		CDE6FC05245D7E9400826983 /* HotProspects.xcdatamodeld in Sources */ = {isa = PBXBuildFile; fileRef = CDE6FC03245D7E9400826983 /* HotProspects.xcdatamodeld */; };
		CDE6FC07245D7E9400826983 /* ContentView.swift in Sources */ = {isa = PBXBuildFile; fileRef = CDE6FC06245D7E9400826983 /* ContentView.swift */; };
		CDE6FC09245D7E9600826983 /* Assets.xcassets in Resources */ = {isa = PBXBuildFile; fileRef = CDE6FC08245D7E9600826983 /* Assets.xcassets */; };
		CDE6FC0C245D7E9600826983 /* Preview Assets.xcassets in Resources */ = {isa = PBXBuildFile; fileRef = CDE6FC0B245D7E9600826983 /* Preview Assets.xcassets */; };
		CDE6FC0F245D7E9600826983 /* LaunchScreen.storyboard in Resources */ = {isa = PBXBuildFile; fileRef = CDE6FC0D245D7E9600826983 /* LaunchScreen.storyboard */; };
		CDF59A9E245DD93500194118 /* ProspectsView.swift in Sources */ = {isa = PBXBuildFile; fileRef = CDF59A9D245DD93500194118 /* ProspectsView.swift */; };
		CDF59AA0245DD94700194118 /* MeView.swift in Sources */ = {isa = PBXBuildFile; fileRef = CDF59A9F245DD94700194118 /* MeView.swift */; };
		CDF59AA2245DDC5E00194118 /* Prospect.swift in Sources */ = {isa = PBXBuildFile; fileRef = CDF59AA1245DDC5E00194118 /* Prospect.swift */; };
/* End PBXBuildFile section */

/* Begin PBXFileReference section */
		CDD30658245EE84000A64B88 /* MeData.swift */ = {isa = PBXFileReference; lastKnownFileType = sourcecode.swift; path = MeData.swift; sourceTree = "<group>"; };
		CDE6FBFC245D7E9400826983 /* HotProspects.app */ = {isa = PBXFileReference; explicitFileType = wrapper.application; includeInIndex = 0; path = HotProspects.app; sourceTree = BUILT_PRODUCTS_DIR; };
		CDE6FBFF245D7E9400826983 /* AppDelegate.swift */ = {isa = PBXFileReference; lastKnownFileType = sourcecode.swift; path = AppDelegate.swift; sourceTree = "<group>"; };
		CDE6FC01245D7E9400826983 /* SceneDelegate.swift */ = {isa = PBXFileReference; lastKnownFileType = sourcecode.swift; path = SceneDelegate.swift; sourceTree = "<group>"; };
		CDE6FC04245D7E9400826983 /* HotProspects.xcdatamodel */ = {isa = PBXFileReference; lastKnownFileType = wrapper.xcdatamodel; path = HotProspects.xcdatamodel; sourceTree = "<group>"; };
		CDE6FC06245D7E9400826983 /* ContentView.swift */ = {isa = PBXFileReference; lastKnownFileType = sourcecode.swift; path = ContentView.swift; sourceTree = "<group>"; };
		CDE6FC08245D7E9600826983 /* Assets.xcassets */ = {isa = PBXFileReference; lastKnownFileType = folder.assetcatalog; path = Assets.xcassets; sourceTree = "<group>"; };
		CDE6FC0B245D7E9600826983 /* Preview Assets.xcassets */ = {isa = PBXFileReference; lastKnownFileType = folder.assetcatalog; path = "Preview Assets.xcassets"; sourceTree = "<group>"; };
		CDE6FC0E245D7E9600826983 /* Base */ = {isa = PBXFileReference; lastKnownFileType = file.storyboard; name = Base; path = Base.lproj/LaunchScreen.storyboard; sourceTree = "<group>"; };
		CDE6FC10245D7E9600826983 /* Info.plist */ = {isa = PBXFileReference; lastKnownFileType = text.plist.xml; path = Info.plist; sourceTree = "<group>"; };
		CDF59A9D245DD93500194118 /* ProspectsView.swift */ = {isa = PBXFileReference; lastKnownFileType = sourcecode.swift; path = ProspectsView.swift; sourceTree = "<group>"; };
		CDF59A9F245DD94700194118 /* MeView.swift */ = {isa = PBXFileReference; lastKnownFileType = sourcecode.swift; path = MeView.swift; sourceTree = "<group>"; };
		CDF59AA1245DDC5E00194118 /* Prospect.swift */ = {isa = PBXFileReference; lastKnownFileType = sourcecode.swift; path = Prospect.swift; sourceTree = "<group>"; };
/* End PBXFileReference section */

/* Begin PBXFrameworksBuildPhase section */
		CDE6FBF9245D7E9400826983 /* Frameworks */ = {
			isa = PBXFrameworksBuildPhase;
			buildActionMask = 2147483647;
			files = (
				CDD30657245ED19100A64B88 /* CodeScanner in Frameworks */,
			);
			runOnlyForDeploymentPostprocessing = 0;
		};
/* End PBXFrameworksBuildPhase section */

/* Begin PBXGroup section */
		CDE6FBF3245D7E9400826983 = {
			isa = PBXGroup;
			children = (
				CDE6FBFE245D7E9400826983 /* HotProspects */,
				CDE6FBFD245D7E9400826983 /* Products */,
			);
			sourceTree = "<group>";
		};
		CDE6FBFD245D7E9400826983 /* Products */ = {
			isa = PBXGroup;
			children = (
				CDE6FBFC245D7E9400826983 /* HotProspects.app */,
			);
			name = Products;
			sourceTree = "<group>";
		};
		CDE6FBFE245D7E9400826983 /* HotProspects */ = {
			isa = PBXGroup;
			children = (
				CDE6FBFF245D7E9400826983 /* AppDelegate.swift */,
				CDE6FC01245D7E9400826983 /* SceneDelegate.swift */,
				CDE6FC06245D7E9400826983 /* ContentView.swift */,
				CDF59A9D245DD93500194118 /* ProspectsView.swift */,
				CDF59AA1245DDC5E00194118 /* Prospect.swift */,
				CDD30658245EE84000A64B88 /* MeData.swift */,
				CDF59A9F245DD94700194118 /* MeView.swift */,
				CDE6FC08245D7E9600826983 /* Assets.xcassets */,
				CDE6FC0D245D7E9600826983 /* LaunchScreen.storyboard */,
				CDE6FC10245D7E9600826983 /* Info.plist */,
				CDE6FC03245D7E9400826983 /* HotProspects.xcdatamodeld */,
				CDE6FC0A245D7E9600826983 /* Preview Content */,
			);
			path = HotProspects;
			sourceTree = "<group>";
		};
		CDE6FC0A245D7E9600826983 /* Preview Content */ = {
			isa = PBXGroup;
			children = (
				CDE6FC0B245D7E9600826983 /* Preview Assets.xcassets */,
			);
			path = "Preview Content";
			sourceTree = "<group>";
		};
/* End PBXGroup section */

/* Begin PBXNativeTarget section */
		CDE6FBFB245D7E9400826983 /* HotProspects */ = {
			isa = PBXNativeTarget;
			buildConfigurationList = CDE6FC13245D7E9600826983 /* Build configuration list for PBXNativeTarget "HotProspects" */;
			buildPhases = (
				CDE6FBF8245D7E9400826983 /* Sources */,
				CDE6FBF9245D7E9400826983 /* Frameworks */,
				CDE6FBFA245D7E9400826983 /* Resources */,
			);
			buildRules = (
			);
			dependencies = (
			);
			name = HotProspects;
			packageProductDependencies = (
				CDD30656245ED19100A64B88 /* CodeScanner */,
			);
			productName = HotProspects;
			productReference = CDE6FBFC245D7E9400826983 /* HotProspects.app */;
			productType = "com.apple.product-type.application";
		};
/* End PBXNativeTarget section */

/* Begin PBXProject section */
		CDE6FBF4245D7E9400826983 /* Project object */ = {
			isa = PBXProject;
			attributes = {
				LastSwiftUpdateCheck = 1140;
				LastUpgradeCheck = 1140;
				ORGANIZATIONNAME = "Vlad Vrublevsky";
				TargetAttributes = {
					CDE6FBFB245D7E9400826983 = {
						CreatedOnToolsVersion = 11.4.1;
					};
				};
			};
			buildConfigurationList = CDE6FBF7245D7E9400826983 /* Build configuration list for PBXProject "HotProspects" */;
			compatibilityVersion = "Xcode 9.3";
			developmentRegion = en;
			hasScannedForEncodings = 0;
			knownRegions = (
				en,
				Base,
			);
			mainGroup = CDE6FBF3245D7E9400826983;
			packageReferences = (
				CDD30655245ED19100A64B88 /* XCRemoteSwiftPackageReference "CodeScanner" */,
			);
			productRefGroup = CDE6FBFD245D7E9400826983 /* Products */;
			projectDirPath = "";
			projectRoot = "";
			targets = (
				CDE6FBFB245D7E9400826983 /* HotProspects */,
			);
		};
/* End PBXProject section */

/* Begin PBXResourcesBuildPhase section */
		CDE6FBFA245D7E9400826983 /* Resources */ = {
			isa = PBXResourcesBuildPhase;
			buildActionMask = 2147483647;
			files = (
				CDE6FC0F245D7E9600826983 /* LaunchScreen.storyboard in Resources */,
				CDE6FC0C245D7E9600826983 /* Preview Assets.xcassets in Resources */,
				CDE6FC09245D7E9600826983 /* Assets.xcassets in Resources */,
			);
			runOnlyForDeploymentPostprocessing = 0;
		};
/* End PBXResourcesBuildPhase section */

/* Begin PBXSourcesBuildPhase section */
		CDE6FBF8245D7E9400826983 /* Sources */ = {
			isa = PBXSourcesBuildPhase;
			buildActionMask = 2147483647;
			files = (
				CDF59AA0245DD94700194118 /* MeView.swift in Sources */,
				CDE6FC00245D7E9400826983 /* AppDelegate.swift in Sources */,
				CDE6FC02245D7E9400826983 /* SceneDelegate.swift in Sources */,
				CDD30659245EE84000A64B88 /* MeData.swift in Sources */,
				CDF59AA2245DDC5E00194118 /* Prospect.swift in Sources */,
				CDF59A9E245DD93500194118 /* ProspectsView.swift in Sources */,
				CDE6FC07245D7E9400826983 /* ContentView.swift in Sources */,
				CDE6FC05245D7E9400826983 /* HotProspects.xcdatamodeld in Sources */,
			);
			runOnlyForDeploymentPostprocessing = 0;
		};
/* End PBXSourcesBuildPhase section */

/* Begin PBXVariantGroup section */
		CDE6FC0D245D7E9600826983 /* LaunchScreen.storyboard */ = {
			isa = PBXVariantGroup;
			children = (
				CDE6FC0E245D7E9600826983 /* Base */,
			);
			name = LaunchScreen.storyboard;
			sourceTree = "<group>";
		};
/* End PBXVariantGroup section */

/* Begin XCBuildConfiguration section */
		CDE6FC11245D7E9600826983 /* Debug */ = {
			isa = XCBuildConfiguration;
			buildSettings = {
				ALWAYS_SEARCH_USER_PATHS = NO;
				CLANG_ANALYZER_NONNULL = YES;
				CLANG_ANALYZER_NUMBER_OBJECT_CONVERSION = YES_AGGRESSIVE;
				CLANG_CXX_LANGUAGE_STANDARD = "gnu++14";
				CLANG_CXX_LIBRARY = "libc++";
				CLANG_ENABLE_MODULES = YES;
				CLANG_ENABLE_OBJC_ARC = YES;
				CLANG_ENABLE_OBJC_WEAK = YES;
				CLANG_WARN_BLOCK_CAPTURE_AUTORELEASING = YES;
				CLANG_WARN_BOOL_CONVERSION = YES;
				CLANG_WARN_COMMA = YES;
				CLANG_WARN_CONSTANT_CONVERSION = YES;
				CLANG_WARN_DEPRECATED_OBJC_IMPLEMENTATIONS = YES;
				CLANG_WARN_DIRECT_OBJC_ISA_USAGE = YES_ERROR;
				CLANG_WARN_DOCUMENTATION_COMMENTS = YES;
				CLANG_WARN_EMPTY_BODY = YES;
				CLANG_WARN_ENUM_CONVERSION = YES;
				CLANG_WARN_INFINITE_RECURSION = YES;
				CLANG_WARN_INT_CONVERSION = YES;
				CLANG_WARN_NON_LITERAL_NULL_CONVERSION = YES;
				CLANG_WARN_OBJC_IMPLICIT_RETAIN_SELF = YES;
				CLANG_WARN_OBJC_LITERAL_CONVERSION = YES;
				CLANG_WARN_OBJC_ROOT_CLASS = YES_ERROR;
				CLANG_WARN_RANGE_LOOP_ANALYSIS = YES;
				CLANG_WARN_STRICT_PROTOTYPES = YES;
				CLANG_WARN_SUSPICIOUS_MOVE = YES;
				CLANG_WARN_UNGUARDED_AVAILABILITY = YES_AGGRESSIVE;
				CLANG_WARN_UNREACHABLE_CODE = YES;
				CLANG_WARN__DUPLICATE_METHOD_MATCH = YES;
				COPY_PHASE_STRIP = NO;
				DEBUG_INFORMATION_FORMAT = dwarf;
				ENABLE_STRICT_OBJC_MSGSEND = YES;
				ENABLE_TESTABILITY = YES;
				GCC_C_LANGUAGE_STANDARD = gnu11;
				GCC_DYNAMIC_NO_PIC = NO;
				GCC_NO_COMMON_BLOCKS = YES;
				GCC_OPTIMIZATION_LEVEL = 0;
				GCC_PREPROCESSOR_DEFINITIONS = (
					"DEBUG=1",
					"$(inherited)",
				);
				GCC_WARN_64_TO_32_BIT_CONVERSION = YES;
				GCC_WARN_ABOUT_RETURN_TYPE = YES_ERROR;
				GCC_WARN_UNDECLARED_SELECTOR = YES;
				GCC_WARN_UNINITIALIZED_AUTOS = YES_AGGRESSIVE;
				GCC_WARN_UNUSED_FUNCTION = YES;
				GCC_WARN_UNUSED_VARIABLE = YES;
				IPHONEOS_DEPLOYMENT_TARGET = 13.4;
				MTL_ENABLE_DEBUG_INFO = INCLUDE_SOURCE;
				MTL_FAST_MATH = YES;
				ONLY_ACTIVE_ARCH = YES;
				SDKROOT = iphoneos;
				SWIFT_ACTIVE_COMPILATION_CONDITIONS = DEBUG;
				SWIFT_OPTIMIZATION_LEVEL = "-Onone";
			};
			name = Debug;
		};
		CDE6FC12245D7E9600826983 /* Release */ = {
			isa = XCBuildConfiguration;
			buildSettings = {
				ALWAYS_SEARCH_USER_PATHS = NO;
				CLANG_ANALYZER_NONNULL = YES;
				CLANG_ANALYZER_NUMBER_OBJECT_CONVERSION = YES_AGGRESSIVE;
				CLANG_CXX_LANGUAGE_STANDARD = "gnu++14";
				CLANG_CXX_LIBRARY = "libc++";
				CLANG_ENABLE_MODULES = YES;
				CLANG_ENABLE_OBJC_ARC = YES;
				CLANG_ENABLE_OBJC_WEAK = YES;
				CLANG_WARN_BLOCK_CAPTURE_AUTORELEASING = YES;
				CLANG_WARN_BOOL_CONVERSION = YES;
				CLANG_WARN_COMMA = YES;
				CLANG_WARN_CONSTANT_CONVERSION = YES;
				CLANG_WARN_DEPRECATED_OBJC_IMPLEMENTATIONS = YES;
				CLANG_WARN_DIRECT_OBJC_ISA_USAGE = YES_ERROR;
				CLANG_WARN_DOCUMENTATION_COMMENTS = YES;
				CLANG_WARN_EMPTY_BODY = YES;
				CLANG_WARN_ENUM_CONVERSION = YES;
				CLANG_WARN_INFINITE_RECURSION = YES;
				CLANG_WARN_INT_CONVERSION = YES;
				CLANG_WARN_NON_LITERAL_NULL_CONVERSION = YES;
				CLANG_WARN_OBJC_IMPLICIT_RETAIN_SELF = YES;
				CLANG_WARN_OBJC_LITERAL_CONVERSION = YES;
				CLANG_WARN_OBJC_ROOT_CLASS = YES_ERROR;
				CLANG_WARN_RANGE_LOOP_ANALYSIS = YES;
				CLANG_WARN_STRICT_PROTOTYPES = YES;
				CLANG_WARN_SUSPICIOUS_MOVE = YES;
				CLANG_WARN_UNGUARDED_AVAILABILITY = YES_AGGRESSIVE;
				CLANG_WARN_UNREACHABLE_CODE = YES;
				CLANG_WARN__DUPLICATE_METHOD_MATCH = YES;
				COPY_PHASE_STRIP = NO;
				DEBUG_INFORMATION_FORMAT = "dwarf-with-dsym";
				ENABLE_NS_ASSERTIONS = NO;
				ENABLE_STRICT_OBJC_MSGSEND = YES;
				GCC_C_LANGUAGE_STANDARD = gnu11;
				GCC_NO_COMMON_BLOCKS = YES;
				GCC_WARN_64_TO_32_BIT_CONVERSION = YES;
				GCC_WARN_ABOUT_RETURN_TYPE = YES_ERROR;
				GCC_WARN_UNDECLARED_SELECTOR = YES;
				GCC_WARN_UNINITIALIZED_AUTOS = YES_AGGRESSIVE;
				GCC_WARN_UNUSED_FUNCTION = YES;
				GCC_WARN_UNUSED_VARIABLE = YES;
				IPHONEOS_DEPLOYMENT_TARGET = 13.4;
				MTL_ENABLE_DEBUG_INFO = NO;
				MTL_FAST_MATH = YES;
				SDKROOT = iphoneos;
				SWIFT_COMPILATION_MODE = wholemodule;
				SWIFT_OPTIMIZATION_LEVEL = "-O";
				VALIDATE_PRODUCT = YES;
			};
			name = Release;
		};
		CDE6FC14245D7E9600826983 /* Debug */ = {
			isa = XCBuildConfiguration;
			buildSettings = {
				ASSETCATALOG_COMPILER_APPICON_NAME = AppIcon;
				CODE_SIGN_STYLE = Automatic;
				DEVELOPMENT_ASSET_PATHS = "\"HotProspects/Preview Content\"";
				DEVELOPMENT_TEAM = Z7788V56C7;
				ENABLE_PREVIEWS = YES;
				INFOPLIST_FILE = HotProspects/Info.plist;
				LD_RUNPATH_SEARCH_PATHS = (
					"$(inherited)",
					"@executable_path/Frameworks",
				);
				PRODUCT_BUNDLE_IDENTIFIER = com.vladvrublevsky.BucketList;
				PRODUCT_NAME = "$(TARGET_NAME)";
				SWIFT_VERSION = 5.0;
				TARGETED_DEVICE_FAMILY = "1,2";
			};
			name = Debug;
		};
		CDE6FC15245D7E9600826983 /* Release */ = {
			isa = XCBuildConfiguration;
			buildSettings = {
				ASSETCATALOG_COMPILER_APPICON_NAME = AppIcon;
				CODE_SIGN_STYLE = Automatic;
				DEVELOPMENT_ASSET_PATHS = "\"HotProspects/Preview Content\"";
				DEVELOPMENT_TEAM = Z7788V56C7;
				ENABLE_PREVIEWS = YES;
				INFOPLIST_FILE = HotProspects/Info.plist;
				LD_RUNPATH_SEARCH_PATHS = (
					"$(inherited)",
					"@executable_path/Frameworks",
				);
				PRODUCT_BUNDLE_IDENTIFIER = com.vladvrublevsky.BucketList;
				PRODUCT_NAME = "$(TARGET_NAME)";
				SWIFT_VERSION = 5.0;
				TARGETED_DEVICE_FAMILY = "1,2";
			};
			name = Release;
		};
/* End XCBuildConfiguration section */

/* Begin XCConfigurationList section */
		CDE6FBF7245D7E9400826983 /* Build configuration list for PBXProject "HotProspects" */ = {
			isa = XCConfigurationList;
			buildConfigurations = (
				CDE6FC11245D7E9600826983 /* Debug */,
				CDE6FC12245D7E9600826983 /* Release */,
			);
			defaultConfigurationIsVisible = 0;
			defaultConfigurationName = Release;
		};
		CDE6FC13245D7E9600826983 /* Build configuration list for PBXNativeTarget "HotProspects" */ = {
			isa = XCConfigurationList;
			buildConfigurations = (
				CDE6FC14245D7E9600826983 /* Debug */,
				CDE6FC15245D7E9600826983 /* Release */,
			);
			defaultConfigurationIsVisible = 0;
			defaultConfigurationName = Release;
		};
/* End XCConfigurationList section */

/* Begin XCRemoteSwiftPackageReference section */
		CDD30655245ED19100A64B88 /* XCRemoteSwiftPackageReference "CodeScanner" */ = {
			isa = XCRemoteSwiftPackageReference;
			repositoryURL = "https://github.com/twostraws/CodeScanner";
			requirement = {
				kind = upToNextMajorVersion;
				minimumVersion = 1.0.6;
			};
		};
/* End XCRemoteSwiftPackageReference section */

/* Begin XCSwiftPackageProductDependency section */
		CDD30656245ED19100A64B88 /* CodeScanner */ = {
			isa = XCSwiftPackageProductDependency;
			package = CDD30655245ED19100A64B88 /* XCRemoteSwiftPackageReference "CodeScanner" */;
			productName = CodeScanner;
		};
/* End XCSwiftPackageProductDependency section */

/* Begin XCVersionGroup section */
		CDE6FC03245D7E9400826983 /* HotProspects.xcdatamodeld */ = {
			isa = XCVersionGroup;
			children = (
				CDE6FC04245D7E9400826983 /* HotProspects.xcdatamodel */,
			);
			currentVersion = CDE6FC04245D7E9400826983 /* HotProspects.xcdatamodel */;
			path = HotProspects.xcdatamodeld;
			sourceTree = "<group>";
			versionGroupType = wrapper.xcdatamodel;
		};
/* End XCVersionGroup section */
	};
	rootObject = CDE6FBF4245D7E9400826983 /* Project object */;
}
