// !$*UTF8*$!
{
	archiveVersion = 1;
	classes = {
	};
	objectVersion = 50;
	objects = {

/* Begin PBXBuildFile section */
		CD6D465A2454816C00EBEFFB /* FilteredList.swift in Sources */ = {isa = PBXBuildFile; fileRef = CD6D46592454816C00EBEFFB /* FilteredList.swift */; };
		CD6D465D24548D5700EBEFFB /* Country+CoreDataClass.swift in Sources */ = {isa = PBXBuildFile; fileRef = CD6D465B24548D5700EBEFFB /* Country+CoreDataClass.swift */; };
		CD6D465E24548D5700EBEFFB /* Country+CoreDataProperties.swift in Sources */ = {isa = PBXBuildFile; fileRef = CD6D465C24548D5700EBEFFB /* Country+CoreDataProperties.swift */; };
		CD6D466124548D8700EBEFFB /* Candy+CoreDataClass.swift in Sources */ = {isa = PBXBuildFile; fileRef = CD6D465F24548D8700EBEFFB /* Candy+CoreDataClass.swift */; };
		CD6D466224548D8700EBEFFB /* Candy+CoreDataProperties.swift in Sources */ = {isa = PBXBuildFile; fileRef = CD6D466024548D8700EBEFFB /* Candy+CoreDataProperties.swift */; };
		CDAA312224547D6B00EA28BD /* CoreDataProject.xcdatamodeld in Sources */ = {isa = PBXBuildFile; fileRef = CDAA312024547D6B00EA28BD /* CoreDataProject.xcdatamodeld */; };
		CDE60203245466C500859A52 /* AppDelegate.swift in Sources */ = {isa = PBXBuildFile; fileRef = CDE60202245466C500859A52 /* AppDelegate.swift */; };
		CDE60205245466C500859A52 /* SceneDelegate.swift in Sources */ = {isa = PBXBuildFile; fileRef = CDE60204245466C500859A52 /* SceneDelegate.swift */; };
		CDE6020A245466C500859A52 /* ContentView.swift in Sources */ = {isa = PBXBuildFile; fileRef = CDE60209245466C500859A52 /* ContentView.swift */; };
		CDE6020C245466C600859A52 /* Assets.xcassets in Resources */ = {isa = PBXBuildFile; fileRef = CDE6020B245466C600859A52 /* Assets.xcassets */; };
		CDE6020F245466C600859A52 /* Preview Assets.xcassets in Resources */ = {isa = PBXBuildFile; fileRef = CDE6020E245466C600859A52 /* Preview Assets.xcassets */; };
		CDE60212245466C600859A52 /* LaunchScreen.storyboard in Resources */ = {isa = PBXBuildFile; fileRef = CDE60210245466C600859A52 /* LaunchScreen.storyboard */; };
/* End PBXBuildFile section */

/* Begin PBXFileReference section */
		CD6D46592454816C00EBEFFB /* FilteredList.swift */ = {isa = PBXFileReference; lastKnownFileType = sourcecode.swift; path = FilteredList.swift; sourceTree = "<group>"; };
		CD6D465B24548D5700EBEFFB /* Country+CoreDataClass.swift */ = {isa = PBXFileReference; lastKnownFileType = sourcecode.swift; path = "Country+CoreDataClass.swift"; sourceTree = "<group>"; };
		CD6D465C24548D5700EBEFFB /* Country+CoreDataProperties.swift */ = {isa = PBXFileReference; lastKnownFileType = sourcecode.swift; path = "Country+CoreDataProperties.swift"; sourceTree = "<group>"; };
		CD6D465F24548D8700EBEFFB /* Candy+CoreDataClass.swift */ = {isa = PBXFileReference; lastKnownFileType = sourcecode.swift; path = "Candy+CoreDataClass.swift"; sourceTree = "<group>"; };
		CD6D466024548D8700EBEFFB /* Candy+CoreDataProperties.swift */ = {isa = PBXFileReference; lastKnownFileType = sourcecode.swift; path = "Candy+CoreDataProperties.swift"; sourceTree = "<group>"; };
		CDAA312124547D6B00EA28BD /* CoreDataProject.xcdatamodel */ = {isa = PBXFileReference; lastKnownFileType = wrapper.xcdatamodel; path = CoreDataProject.xcdatamodel; sourceTree = "<group>"; };
		CDE601FF245466C500859A52 /* CoreDataProject.app */ = {isa = PBXFileReference; explicitFileType = wrapper.application; includeInIndex = 0; path = CoreDataProject.app; sourceTree = BUILT_PRODUCTS_DIR; };
		CDE60202245466C500859A52 /* AppDelegate.swift */ = {isa = PBXFileReference; lastKnownFileType = sourcecode.swift; path = AppDelegate.swift; sourceTree = "<group>"; };
		CDE60204245466C500859A52 /* SceneDelegate.swift */ = {isa = PBXFileReference; lastKnownFileType = sourcecode.swift; path = SceneDelegate.swift; sourceTree = "<group>"; };
		CDE60209245466C500859A52 /* ContentView.swift */ = {isa = PBXFileReference; lastKnownFileType = sourcecode.swift; path = ContentView.swift; sourceTree = "<group>"; };
		CDE6020B245466C600859A52 /* Assets.xcassets */ = {isa = PBXFileReference; lastKnownFileType = folder.assetcatalog; path = Assets.xcassets; sourceTree = "<group>"; };
		CDE6020E245466C600859A52 /* Preview Assets.xcassets */ = {isa = PBXFileReference; lastKnownFileType = folder.assetcatalog; path = "Preview Assets.xcassets"; sourceTree = "<group>"; };
		CDE60211245466C600859A52 /* Base */ = {isa = PBXFileReference; lastKnownFileType = file.storyboard; name = Base; path = Base.lproj/LaunchScreen.storyboard; sourceTree = "<group>"; };
		CDE60213245466C600859A52 /* Info.plist */ = {isa = PBXFileReference; lastKnownFileType = text.plist.xml; path = Info.plist; sourceTree = "<group>"; };
/* End PBXFileReference section */

/* Begin PBXFrameworksBuildPhase section */
		CDE601FC245466C500859A52 /* Frameworks */ = {
			isa = PBXFrameworksBuildPhase;
			buildActionMask = 2147483647;
			files = (
			);
			runOnlyForDeploymentPostprocessing = 0;
		};
/* End PBXFrameworksBuildPhase section */

/* Begin PBXGroup section */
		CDE601F6245466C500859A52 = {
			isa = PBXGroup;
			children = (
				CDE60201245466C500859A52 /* CoreDataProject */,
				CDE60200245466C500859A52 /* Products */,
			);
			sourceTree = "<group>";
		};
		CDE60200245466C500859A52 /* Products */ = {
			isa = PBXGroup;
			children = (
				CDE601FF245466C500859A52 /* CoreDataProject.app */,
			);
			name = Products;
			sourceTree = "<group>";
		};
		CDE60201245466C500859A52 /* CoreDataProject */ = {
			isa = PBXGroup;
			children = (
				CD6D465F24548D8700EBEFFB /* Candy+CoreDataClass.swift */,
				CD6D466024548D8700EBEFFB /* Candy+CoreDataProperties.swift */,
				CD6D465B24548D5700EBEFFB /* Country+CoreDataClass.swift */,
				CD6D465C24548D5700EBEFFB /* Country+CoreDataProperties.swift */,
				CDE60202245466C500859A52 /* AppDelegate.swift */,
				CDE60204245466C500859A52 /* SceneDelegate.swift */,
				CDE60209245466C500859A52 /* ContentView.swift */,
				CD6D46592454816C00EBEFFB /* FilteredList.swift */,
				CDE6020B245466C600859A52 /* Assets.xcassets */,
				CDE60210245466C600859A52 /* LaunchScreen.storyboard */,
				CDE60213245466C600859A52 /* Info.plist */,
				CDAA312024547D6B00EA28BD /* CoreDataProject.xcdatamodeld */,
				CDE6020D245466C600859A52 /* Preview Content */,
			);
			path = CoreDataProject;
			sourceTree = "<group>";
		};
		CDE6020D245466C600859A52 /* Preview Content */ = {
			isa = PBXGroup;
			children = (
				CDE6020E245466C600859A52 /* Preview Assets.xcassets */,
			);
			path = "Preview Content";
			sourceTree = "<group>";
		};
/* End PBXGroup section */

/* Begin PBXNativeTarget section */
		CDE601FE245466C500859A52 /* CoreDataProject */ = {
			isa = PBXNativeTarget;
			buildConfigurationList = CDE60216245466C600859A52 /* Build configuration list for PBXNativeTarget "CoreDataProject" */;
			buildPhases = (
				CDE601FB245466C500859A52 /* Sources */,
				CDE601FC245466C500859A52 /* Frameworks */,
				CDE601FD245466C500859A52 /* Resources */,
			);
			buildRules = (
			);
			dependencies = (
			);
			name = CoreDataProject;
			productName = CoreDataProject;
			productReference = CDE601FF245466C500859A52 /* CoreDataProject.app */;
			productType = "com.apple.product-type.application";
		};
/* End PBXNativeTarget section */

/* Begin PBXProject section */
		CDE601F7245466C500859A52 /* Project object */ = {
			isa = PBXProject;
			attributes = {
				LastSwiftUpdateCheck = 1140;
				LastUpgradeCheck = 1140;
				ORGANIZATIONNAME = "Vlad Vrublevsky";
				TargetAttributes = {
					CDE601FE245466C500859A52 = {
						CreatedOnToolsVersion = 11.4.1;
					};
				};
			};
			buildConfigurationList = CDE601FA245466C500859A52 /* Build configuration list for PBXProject "CoreDataProject" */;
			compatibilityVersion = "Xcode 9.3";
			developmentRegion = en;
			hasScannedForEncodings = 0;
			knownRegions = (
				en,
				Base,
			);
			mainGroup = CDE601F6245466C500859A52;
			productRefGroup = CDE60200245466C500859A52 /* Products */;
			projectDirPath = "";
			projectRoot = "";
			targets = (
				CDE601FE245466C500859A52 /* CoreDataProject */,
			);
		};
/* End PBXProject section */

/* Begin PBXResourcesBuildPhase section */
		CDE601FD245466C500859A52 /* Resources */ = {
			isa = PBXResourcesBuildPhase;
			buildActionMask = 2147483647;
			files = (
				CDE60212245466C600859A52 /* LaunchScreen.storyboard in Resources */,
				CDE6020F245466C600859A52 /* Preview Assets.xcassets in Resources */,
				CDE6020C245466C600859A52 /* Assets.xcassets in Resources */,
			);
			runOnlyForDeploymentPostprocessing = 0;
		};
/* End PBXResourcesBuildPhase section */

/* Begin PBXSourcesBuildPhase section */
		CDE601FB245466C500859A52 /* Sources */ = {
			isa = PBXSourcesBuildPhase;
			buildActionMask = 2147483647;
			files = (
				CDE60203245466C500859A52 /* AppDelegate.swift in Sources */,
				CDE60205245466C500859A52 /* SceneDelegate.swift in Sources */,
				CD6D465E24548D5700EBEFFB /* Country+CoreDataProperties.swift in Sources */,
				CD6D465D24548D5700EBEFFB /* Country+CoreDataClass.swift in Sources */,
				CDAA312224547D6B00EA28BD /* CoreDataProject.xcdatamodeld in Sources */,
				CDE6020A245466C500859A52 /* ContentView.swift in Sources */,
				CD6D466224548D8700EBEFFB /* Candy+CoreDataProperties.swift in Sources */,
				CD6D465A2454816C00EBEFFB /* FilteredList.swift in Sources */,
				CD6D466124548D8700EBEFFB /* Candy+CoreDataClass.swift in Sources */,
			);
			runOnlyForDeploymentPostprocessing = 0;
		};
/* End PBXSourcesBuildPhase section */

/* Begin PBXVariantGroup section */
		CDE60210245466C600859A52 /* LaunchScreen.storyboard */ = {
			isa = PBXVariantGroup;
			children = (
				CDE60211245466C600859A52 /* Base */,
			);
			name = LaunchScreen.storyboard;
			sourceTree = "<group>";
		};
/* End PBXVariantGroup section */

/* Begin XCBuildConfiguration section */
		CDE60214245466C600859A52 /* Debug */ = {
			isa = XCBuildConfiguration;
			buildSettings = {
				ALWAYS_SEARCH_USER_PATHS = NO;
				CLANG_ANALYZER_NONNULL = YES;
				CLANG_ANALYZER_NUMBER_OBJECT_CONVERSION = YES_AGGRESSIVE;
				CLANG_CXX_LANGUAGE_STANDARD = "gnu++14";
				CLANG_CXX_LIBRARY = "libc++";
				CLANG_ENABLE_MODULES = YES;
				CLANG_ENABLE_OBJC_ARC = YES;
				CLANG_ENABLE_OBJC_WEAK = YES;
				CLANG_WARN_BLOCK_CAPTURE_AUTORELEASING = YES;
				CLANG_WARN_BOOL_CONVERSION = YES;
				CLANG_WARN_COMMA = YES;
				CLANG_WARN_CONSTANT_CONVERSION = YES;
				CLANG_WARN_DEPRECATED_OBJC_IMPLEMENTATIONS = YES;
				CLANG_WARN_DIRECT_OBJC_ISA_USAGE = YES_ERROR;
				CLANG_WARN_DOCUMENTATION_COMMENTS = YES;
				CLANG_WARN_EMPTY_BODY = YES;
				CLANG_WARN_ENUM_CONVERSION = YES;
				CLANG_WARN_INFINITE_RECURSION = YES;
				CLANG_WARN_INT_CONVERSION = YES;
				CLANG_WARN_NON_LITERAL_NULL_CONVERSION = YES;
				CLANG_WARN_OBJC_IMPLICIT_RETAIN_SELF = YES;
				CLANG_WARN_OBJC_LITERAL_CONVERSION = YES;
				CLANG_WARN_OBJC_ROOT_CLASS = YES_ERROR;
				CLANG_WARN_RANGE_LOOP_ANALYSIS = YES;
				CLANG_WARN_STRICT_PROTOTYPES = YES;
				CLANG_WARN_SUSPICIOUS_MOVE = YES;
				CLANG_WARN_UNGUARDED_AVAILABILITY = YES_AGGRESSIVE;
				CLANG_WARN_UNREACHABLE_CODE = YES;
				CLANG_WARN__DUPLICATE_METHOD_MATCH = YES;
				COPY_PHASE_STRIP = NO;
				DEBUG_INFORMATION_FORMAT = dwarf;
				ENABLE_STRICT_OBJC_MSGSEND = YES;
				ENABLE_TESTABILITY = YES;
				GCC_C_LANGUAGE_STANDARD = gnu11;
				GCC_DYNAMIC_NO_PIC = NO;
				GCC_NO_COMMON_BLOCKS = YES;
				GCC_OPTIMIZATION_LEVEL = 0;
				GCC_PREPROCESSOR_DEFINITIONS = (
					"DEBUG=1",
					"$(inherited)",
				);
				GCC_WARN_64_TO_32_BIT_CONVERSION = YES;
				GCC_WARN_ABOUT_RETURN_TYPE = YES_ERROR;
				GCC_WARN_UNDECLARED_SELECTOR = YES;
				GCC_WARN_UNINITIALIZED_AUTOS = YES_AGGRESSIVE;
				GCC_WARN_UNUSED_FUNCTION = YES;
				GCC_WARN_UNUSED_VARIABLE = YES;
				IPHONEOS_DEPLOYMENT_TARGET = 13.4;
				MTL_ENABLE_DEBUG_INFO = INCLUDE_SOURCE;
				MTL_FAST_MATH = YES;
				ONLY_ACTIVE_ARCH = YES;
				SDKROOT = iphoneos;
				SWIFT_ACTIVE_COMPILATION_CONDITIONS = DEBUG;
				SWIFT_OPTIMIZATION_LEVEL = "-Onone";
			};
			name = Debug;
		};
		CDE60215245466C600859A52 /* Release */ = {
			isa = XCBuildConfiguration;
			buildSettings = {
				ALWAYS_SEARCH_USER_PATHS = NO;
				CLANG_ANALYZER_NONNULL = YES;
				CLANG_ANALYZER_NUMBER_OBJECT_CONVERSION = YES_AGGRESSIVE;
				CLANG_CXX_LANGUAGE_STANDARD = "gnu++14";
				CLANG_CXX_LIBRARY = "libc++";
				CLANG_ENABLE_MODULES = YES;
				CLANG_ENABLE_OBJC_ARC = YES;
				CLANG_ENABLE_OBJC_WEAK = YES;
				CLANG_WARN_BLOCK_CAPTURE_AUTORELEASING = YES;
				CLANG_WARN_BOOL_CONVERSION = YES;
				CLANG_WARN_COMMA = YES;
				CLANG_WARN_CONSTANT_CONVERSION = YES;
				CLANG_WARN_DEPRECATED_OBJC_IMPLEMENTATIONS = YES;
				CLANG_WARN_DIRECT_OBJC_ISA_USAGE = YES_ERROR;
				CLANG_WARN_DOCUMENTATION_COMMENTS = YES;
				CLANG_WARN_EMPTY_BODY = YES;
				CLANG_WARN_ENUM_CONVERSION = YES;
				CLANG_WARN_INFINITE_RECURSION = YES;
				CLANG_WARN_INT_CONVERSION = YES;
				CLANG_WARN_NON_LITERAL_NULL_CONVERSION = YES;
				CLANG_WARN_OBJC_IMPLICIT_RETAIN_SELF = YES;
				CLANG_WARN_OBJC_LITERAL_CONVERSION = YES;
				CLANG_WARN_OBJC_ROOT_CLASS = YES_ERROR;
				CLANG_WARN_RANGE_LOOP_ANALYSIS = YES;
				CLANG_WARN_STRICT_PROTOTYPES = YES;
				CLANG_WARN_SUSPICIOUS_MOVE = YES;
				CLANG_WARN_UNGUARDED_AVAILABILITY = YES_AGGRESSIVE;
				CLANG_WARN_UNREACHABLE_CODE = YES;
				CLANG_WARN__DUPLICATE_METHOD_MATCH = YES;
				COPY_PHASE_STRIP = NO;
				DEBUG_INFORMATION_FORMAT = "dwarf-with-dsym";
				ENABLE_NS_ASSERTIONS = NO;
				ENABLE_STRICT_OBJC_MSGSEND = YES;
				GCC_C_LANGUAGE_STANDARD = gnu11;
				GCC_NO_COMMON_BLOCKS = YES;
				GCC_WARN_64_TO_32_BIT_CONVERSION = YES;
				GCC_WARN_ABOUT_RETURN_TYPE = YES_ERROR;
				GCC_WARN_UNDECLARED_SELECTOR = YES;
				GCC_WARN_UNINITIALIZED_AUTOS = YES_AGGRESSIVE;
				GCC_WARN_UNUSED_FUNCTION = YES;
				GCC_WARN_UNUSED_VARIABLE = YES;
				IPHONEOS_DEPLOYMENT_TARGET = 13.4;
				MTL_ENABLE_DEBUG_INFO = NO;
				MTL_FAST_MATH = YES;
				SDKROOT = iphoneos;
				SWIFT_COMPILATION_MODE = wholemodule;
				SWIFT_OPTIMIZATION_LEVEL = "-O";
				VALIDATE_PRODUCT = YES;
			};
			name = Release;
		};
		CDE60217245466C600859A52 /* Debug */ = {
			isa = XCBuildConfiguration;
			buildSettings = {
				ASSETCATALOG_COMPILER_APPICON_NAME = AppIcon;
				CODE_SIGN_STYLE = Automatic;
				DEVELOPMENT_ASSET_PATHS = "\"CoreDataProject/Preview Content\"";
				DEVELOPMENT_TEAM = Z7788V56C7;
				ENABLE_PREVIEWS = YES;
				INFOPLIST_FILE = CoreDataProject/Info.plist;
				LD_RUNPATH_SEARCH_PATHS = (
					"$(inherited)",
					"@executable_path/Frameworks",
				);
				PRODUCT_BUNDLE_IDENTIFIER = com.vladvrublevsky.CoreDataProject;
				PRODUCT_NAME = "$(TARGET_NAME)";
				SWIFT_VERSION = 5.0;
				TARGETED_DEVICE_FAMILY = "1,2";
			};
			name = Debug;
		};
		CDE60218245466C600859A52 /* Release */ = {
			isa = XCBuildConfiguration;
			buildSettings = {
				ASSETCATALOG_COMPILER_APPICON_NAME = AppIcon;
				CODE_SIGN_STYLE = Automatic;
				DEVELOPMENT_ASSET_PATHS = "\"CoreDataProject/Preview Content\"";
				DEVELOPMENT_TEAM = Z7788V56C7;
				ENABLE_PREVIEWS = YES;
				INFOPLIST_FILE = CoreDataProject/Info.plist;
				LD_RUNPATH_SEARCH_PATHS = (
					"$(inherited)",
					"@executable_path/Frameworks",
				);
				PRODUCT_BUNDLE_IDENTIFIER = com.vladvrublevsky.CoreDataProject;
				PRODUCT_NAME = "$(TARGET_NAME)";
				SWIFT_VERSION = 5.0;
				TARGETED_DEVICE_FAMILY = "1,2";
			};
			name = Release;
		};
/* End XCBuildConfiguration section */

/* Begin XCConfigurationList section */
		CDE601FA245466C500859A52 /* Build configuration list for PBXProject "CoreDataProject" */ = {
			isa = XCConfigurationList;
			buildConfigurations = (
				CDE60214245466C600859A52 /* Debug */,
				CDE60215245466C600859A52 /* Release */,
			);
			defaultConfigurationIsVisible = 0;
			defaultConfigurationName = Release;
		};
		CDE60216245466C600859A52 /* Build configuration list for PBXNativeTarget "CoreDataProject" */ = {
			isa = XCConfigurationList;
			buildConfigurations = (
				CDE60217245466C600859A52 /* Debug */,
				CDE60218245466C600859A52 /* Release */,
			);
			defaultConfigurationIsVisible = 0;
			defaultConfigurationName = Release;
		};
/* End XCConfigurationList section */

/* Begin XCVersionGroup section */
		CDAA312024547D6B00EA28BD /* CoreDataProject.xcdatamodeld */ = {
			isa = XCVersionGroup;
			children = (
				CDAA312124547D6B00EA28BD /* CoreDataProject.xcdatamodel */,
			);
			currentVersion = CDAA312124547D6B00EA28BD /* CoreDataProject.xcdatamodel */;
			path = CoreDataProject.xcdatamodeld;
			sourceTree = "<group>";
			versionGroupType = wrapper.xcdatamodel;
		};
/* End XCVersionGroup section */
	};
	rootObject = CDE601F7245466C500859A52 /* Project object */;
}
