// !$*UTF8*$!
{
	archiveVersion = 1;
	classes = {
	};
	objectVersion = 50;
	objects = {

/* Begin PBXBuildFile section */
		CD0C86AA244DE04800E9821A /* AddHabitView.swift in Sources */ = {isa = PBXBuildFile; fileRef = CD0C86A9244DE04800E9821A /* AddHabitView.swift */; };
		CD0DB982244DB8FB00CEFE9B /* AppDelegate.swift in Sources */ = {isa = PBXBuildFile; fileRef = CD0DB981244DB8FB00CEFE9B /* AppDelegate.swift */; };
		CD0DB984244DB8FB00CEFE9B /* SceneDelegate.swift in Sources */ = {isa = PBXBuildFile; fileRef = CD0DB983244DB8FB00CEFE9B /* SceneDelegate.swift */; };
		CD0DB986244DB8FB00CEFE9B /* ContentView.swift in Sources */ = {isa = PBXBuildFile; fileRef = CD0DB985244DB8FB00CEFE9B /* ContentView.swift */; };
		CD0DB988244DB8FC00CEFE9B /* Assets.xcassets in Resources */ = {isa = PBXBuildFile; fileRef = CD0DB987244DB8FC00CEFE9B /* Assets.xcassets */; };
		CD0DB98B244DB8FC00CEFE9B /* Preview Assets.xcassets in Resources */ = {isa = PBXBuildFile; fileRef = CD0DB98A244DB8FC00CEFE9B /* Preview Assets.xcassets */; };
		CD0DB98E244DB8FC00CEFE9B /* LaunchScreen.storyboard in Resources */ = {isa = PBXBuildFile; fileRef = CD0DB98C244DB8FC00CEFE9B /* LaunchScreen.storyboard */; };
		CD0DB996244DBBE200CEFE9B /* HabitEvent.swift in Sources */ = {isa = PBXBuildFile; fileRef = CD0DB995244DBBE200CEFE9B /* HabitEvent.swift */; };
		CDE4E558244DBD4100B53769 /* Habits.swift in Sources */ = {isa = PBXBuildFile; fileRef = CDE4E557244DBD4100B53769 /* Habits.swift */; };
		CDE4E55A244DBD9B00B53769 /* HabitPreview.swift in Sources */ = {isa = PBXBuildFile; fileRef = CDE4E559244DBD9B00B53769 /* HabitPreview.swift */; };
		CDE4E55C244DC02500B53769 /* HabitDetail.swift in Sources */ = {isa = PBXBuildFile; fileRef = CDE4E55B244DC02500B53769 /* HabitDetail.swift */; };
/* End PBXBuildFile section */

/* Begin PBXFileReference section */
		CD0C86A9244DE04800E9821A /* AddHabitView.swift */ = {isa = PBXFileReference; lastKnownFileType = sourcecode.swift; path = AddHabitView.swift; sourceTree = "<group>"; };
		CD0DB97E244DB8FB00CEFE9B /* habit-track.app */ = {isa = PBXFileReference; explicitFileType = wrapper.application; includeInIndex = 0; path = "habit-track.app"; sourceTree = BUILT_PRODUCTS_DIR; };
		CD0DB981244DB8FB00CEFE9B /* AppDelegate.swift */ = {isa = PBXFileReference; lastKnownFileType = sourcecode.swift; path = AppDelegate.swift; sourceTree = "<group>"; };
		CD0DB983244DB8FB00CEFE9B /* SceneDelegate.swift */ = {isa = PBXFileReference; lastKnownFileType = sourcecode.swift; path = SceneDelegate.swift; sourceTree = "<group>"; };
		CD0DB985244DB8FB00CEFE9B /* ContentView.swift */ = {isa = PBXFileReference; lastKnownFileType = sourcecode.swift; path = ContentView.swift; sourceTree = "<group>"; };
		CD0DB987244DB8FC00CEFE9B /* Assets.xcassets */ = {isa = PBXFileReference; lastKnownFileType = folder.assetcatalog; path = Assets.xcassets; sourceTree = "<group>"; };
		CD0DB98A244DB8FC00CEFE9B /* Preview Assets.xcassets */ = {isa = PBXFileReference; lastKnownFileType = folder.assetcatalog; path = "Preview Assets.xcassets"; sourceTree = "<group>"; };
		CD0DB98D244DB8FC00CEFE9B /* Base */ = {isa = PBXFileReference; lastKnownFileType = file.storyboard; name = Base; path = Base.lproj/LaunchScreen.storyboard; sourceTree = "<group>"; };
		CD0DB98F244DB8FC00CEFE9B /* Info.plist */ = {isa = PBXFileReference; lastKnownFileType = text.plist.xml; path = Info.plist; sourceTree = "<group>"; };
		CD0DB995244DBBE200CEFE9B /* HabitEvent.swift */ = {isa = PBXFileReference; lastKnownFileType = sourcecode.swift; path = HabitEvent.swift; sourceTree = "<group>"; };
		CDE4E557244DBD4100B53769 /* Habits.swift */ = {isa = PBXFileReference; lastKnownFileType = sourcecode.swift; path = Habits.swift; sourceTree = "<group>"; };
		CDE4E559244DBD9B00B53769 /* HabitPreview.swift */ = {isa = PBXFileReference; lastKnownFileType = sourcecode.swift; path = HabitPreview.swift; sourceTree = "<group>"; };
		CDE4E55B244DC02500B53769 /* HabitDetail.swift */ = {isa = PBXFileReference; lastKnownFileType = sourcecode.swift; path = HabitDetail.swift; sourceTree = "<group>"; };
/* End PBXFileReference section */

/* Begin PBXFrameworksBuildPhase section */
		CD0DB97B244DB8FB00CEFE9B /* Frameworks */ = {
			isa = PBXFrameworksBuildPhase;
			buildActionMask = 2147483647;
			files = (
			);
			runOnlyForDeploymentPostprocessing = 0;
		};
/* End PBXFrameworksBuildPhase section */

/* Begin PBXGroup section */
		CD0DB975244DB8FB00CEFE9B = {
			isa = PBXGroup;
			children = (
				CD0DB980244DB8FB00CEFE9B /* habit-track */,
				CD0DB97F244DB8FB00CEFE9B /* Products */,
			);
			sourceTree = "<group>";
		};
		CD0DB97F244DB8FB00CEFE9B /* Products */ = {
			isa = PBXGroup;
			children = (
				CD0DB97E244DB8FB00CEFE9B /* habit-track.app */,
			);
			name = Products;
			sourceTree = "<group>";
		};
		CD0DB980244DB8FB00CEFE9B /* habit-track */ = {
			isa = PBXGroup;
			children = (
				CD0DB981244DB8FB00CEFE9B /* AppDelegate.swift */,
				CD0DB983244DB8FB00CEFE9B /* SceneDelegate.swift */,
				CD0DB985244DB8FB00CEFE9B /* ContentView.swift */,
				CDE4E55B244DC02500B53769 /* HabitDetail.swift */,
				CD0C86A9244DE04800E9821A /* AddHabitView.swift */,
				CD0DB995244DBBE200CEFE9B /* HabitEvent.swift */,
				CDE4E557244DBD4100B53769 /* Habits.swift */,
				CDE4E559244DBD9B00B53769 /* HabitPreview.swift */,
				CD0DB987244DB8FC00CEFE9B /* Assets.xcassets */,
				CD0DB98C244DB8FC00CEFE9B /* LaunchScreen.storyboard */,
				CD0DB98F244DB8FC00CEFE9B /* Info.plist */,
				CD0DB989244DB8FC00CEFE9B /* Preview Content */,
			);
			path = "habit-track";
			sourceTree = "<group>";
		};
		CD0DB989244DB8FC00CEFE9B /* Preview Content */ = {
			isa = PBXGroup;
			children = (
				CD0DB98A244DB8FC00CEFE9B /* Preview Assets.xcassets */,
			);
			path = "Preview Content";
			sourceTree = "<group>";
		};
/* End PBXGroup section */

/* Begin PBXNativeTarget section */
		CD0DB97D244DB8FB00CEFE9B /* habit-track */ = {
			isa = PBXNativeTarget;
			buildConfigurationList = CD0DB992244DB8FC00CEFE9B /* Build configuration list for PBXNativeTarget "habit-track" */;
			buildPhases = (
				CD0DB97A244DB8FB00CEFE9B /* Sources */,
				CD0DB97B244DB8FB00CEFE9B /* Frameworks */,
				CD0DB97C244DB8FB00CEFE9B /* Resources */,
			);
			buildRules = (
			);
			dependencies = (
			);
			name = "habit-track";
			productName = "habit-track";
			productReference = CD0DB97E244DB8FB00CEFE9B /* habit-track.app */;
			productType = "com.apple.product-type.application";
		};
/* End PBXNativeTarget section */

/* Begin PBXProject section */
		CD0DB976244DB8FB00CEFE9B /* Project object */ = {
			isa = PBXProject;
			attributes = {
				LastSwiftUpdateCheck = 1140;
				LastUpgradeCheck = 1140;
				ORGANIZATIONNAME = "Vlad Vrublevsky";
				TargetAttributes = {
					CD0DB97D244DB8FB00CEFE9B = {
						CreatedOnToolsVersion = 11.4.1;
					};
				};
			};
			buildConfigurationList = CD0DB979244DB8FB00CEFE9B /* Build configuration list for PBXProject "habit-track" */;
			compatibilityVersion = "Xcode 9.3";
			developmentRegion = en;
			hasScannedForEncodings = 0;
			knownRegions = (
				en,
				Base,
			);
			mainGroup = CD0DB975244DB8FB00CEFE9B;
			productRefGroup = CD0DB97F244DB8FB00CEFE9B /* Products */;
			projectDirPath = "";
			projectRoot = "";
			targets = (
				CD0DB97D244DB8FB00CEFE9B /* habit-track */,
			);
		};
/* End PBXProject section */

/* Begin PBXResourcesBuildPhase section */
		CD0DB97C244DB8FB00CEFE9B /* Resources */ = {
			isa = PBXResourcesBuildPhase;
			buildActionMask = 2147483647;
			files = (
				CD0DB98E244DB8FC00CEFE9B /* LaunchScreen.storyboard in Resources */,
				CD0DB98B244DB8FC00CEFE9B /* Preview Assets.xcassets in Resources */,
				CD0DB988244DB8FC00CEFE9B /* Assets.xcassets in Resources */,
			);
			runOnlyForDeploymentPostprocessing = 0;
		};
/* End PBXResourcesBuildPhase section */

/* Begin PBXSourcesBuildPhase section */
		CD0DB97A244DB8FB00CEFE9B /* Sources */ = {
			isa = PBXSourcesBuildPhase;
			buildActionMask = 2147483647;
			files = (
				CD0DB982244DB8FB00CEFE9B /* AppDelegate.swift in Sources */,
				CD0C86AA244DE04800E9821A /* AddHabitView.swift in Sources */,
				CDE4E558244DBD4100B53769 /* Habits.swift in Sources */,
				CD0DB996244DBBE200CEFE9B /* HabitEvent.swift in Sources */,
				CDE4E55C244DC02500B53769 /* HabitDetail.swift in Sources */,
				CDE4E55A244DBD9B00B53769 /* HabitPreview.swift in Sources */,
				CD0DB984244DB8FB00CEFE9B /* SceneDelegate.swift in Sources */,
				CD0DB986244DB8FB00CEFE9B /* ContentView.swift in Sources */,
			);
			runOnlyForDeploymentPostprocessing = 0;
		};
/* End PBXSourcesBuildPhase section */

/* Begin PBXVariantGroup section */
		CD0DB98C244DB8FC00CEFE9B /* LaunchScreen.storyboard */ = {
			isa = PBXVariantGroup;
			children = (
				CD0DB98D244DB8FC00CEFE9B /* Base */,
			);
			name = LaunchScreen.storyboard;
			sourceTree = "<group>";
		};
/* End PBXVariantGroup section */

/* Begin XCBuildConfiguration section */
		CD0DB990244DB8FC00CEFE9B /* Debug */ = {
			isa = XCBuildConfiguration;
			buildSettings = {
				ALWAYS_SEARCH_USER_PATHS = NO;
				CLANG_ANALYZER_NONNULL = YES;
				CLANG_ANALYZER_NUMBER_OBJECT_CONVERSION = YES_AGGRESSIVE;
				CLANG_CXX_LANGUAGE_STANDARD = "gnu++14";
				CLANG_CXX_LIBRARY = "libc++";
				CLANG_ENABLE_MODULES = YES;
				CLANG_ENABLE_OBJC_ARC = YES;
				CLANG_ENABLE_OBJC_WEAK = YES;
				CLANG_WARN_BLOCK_CAPTURE_AUTORELEASING = YES;
				CLANG_WARN_BOOL_CONVERSION = YES;
				CLANG_WARN_COMMA = YES;
				CLANG_WARN_CONSTANT_CONVERSION = YES;
				CLANG_WARN_DEPRECATED_OBJC_IMPLEMENTATIONS = YES;
				CLANG_WARN_DIRECT_OBJC_ISA_USAGE = YES_ERROR;
				CLANG_WARN_DOCUMENTATION_COMMENTS = YES;
				CLANG_WARN_EMPTY_BODY = YES;
				CLANG_WARN_ENUM_CONVERSION = YES;
				CLANG_WARN_INFINITE_RECURSION = YES;
				CLANG_WARN_INT_CONVERSION = YES;
				CLANG_WARN_NON_LITERAL_NULL_CONVERSION = YES;
				CLANG_WARN_OBJC_IMPLICIT_RETAIN_SELF = YES;
				CLANG_WARN_OBJC_LITERAL_CONVERSION = YES;
				CLANG_WARN_OBJC_ROOT_CLASS = YES_ERROR;
				CLANG_WARN_RANGE_LOOP_ANALYSIS = YES;
				CLANG_WARN_STRICT_PROTOTYPES = YES;
				CLANG_WARN_SUSPICIOUS_MOVE = YES;
				CLANG_WARN_UNGUARDED_AVAILABILITY = YES_AGGRESSIVE;
				CLANG_WARN_UNREACHABLE_CODE = YES;
				CLANG_WARN__DUPLICATE_METHOD_MATCH = YES;
				COPY_PHASE_STRIP = NO;
				DEBUG_INFORMATION_FORMAT = dwarf;
				ENABLE_STRICT_OBJC_MSGSEND = YES;
				ENABLE_TESTABILITY = YES;
				GCC_C_LANGUAGE_STANDARD = gnu11;
				GCC_DYNAMIC_NO_PIC = NO;
				GCC_NO_COMMON_BLOCKS = YES;
				GCC_OPTIMIZATION_LEVEL = 0;
				GCC_PREPROCESSOR_DEFINITIONS = (
					"DEBUG=1",
					"$(inherited)",
				);
				GCC_WARN_64_TO_32_BIT_CONVERSION = YES;
				GCC_WARN_ABOUT_RETURN_TYPE = YES_ERROR;
				GCC_WARN_UNDECLARED_SELECTOR = YES;
				GCC_WARN_UNINITIALIZED_AUTOS = YES_AGGRESSIVE;
				GCC_WARN_UNUSED_FUNCTION = YES;
				GCC_WARN_UNUSED_VARIABLE = YES;
				IPHONEOS_DEPLOYMENT_TARGET = 13.4;
				MTL_ENABLE_DEBUG_INFO = INCLUDE_SOURCE;
				MTL_FAST_MATH = YES;
				ONLY_ACTIVE_ARCH = YES;
				SDKROOT = iphoneos;
				SWIFT_ACTIVE_COMPILATION_CONDITIONS = DEBUG;
				SWIFT_OPTIMIZATION_LEVEL = "-Onone";
			};
			name = Debug;
		};
		CD0DB991244DB8FC00CEFE9B /* Release */ = {
			isa = XCBuildConfiguration;
			buildSettings = {
				ALWAYS_SEARCH_USER_PATHS = NO;
				CLANG_ANALYZER_NONNULL = YES;
				CLANG_ANALYZER_NUMBER_OBJECT_CONVERSION = YES_AGGRESSIVE;
				CLANG_CXX_LANGUAGE_STANDARD = "gnu++14";
				CLANG_CXX_LIBRARY = "libc++";
				CLANG_ENABLE_MODULES = YES;
				CLANG_ENABLE_OBJC_ARC = YES;
				CLANG_ENABLE_OBJC_WEAK = YES;
				CLANG_WARN_BLOCK_CAPTURE_AUTORELEASING = YES;
				CLANG_WARN_BOOL_CONVERSION = YES;
				CLANG_WARN_COMMA = YES;
				CLANG_WARN_CONSTANT_CONVERSION = YES;
				CLANG_WARN_DEPRECATED_OBJC_IMPLEMENTATIONS = YES;
				CLANG_WARN_DIRECT_OBJC_ISA_USAGE = YES_ERROR;
				CLANG_WARN_DOCUMENTATION_COMMENTS = YES;
				CLANG_WARN_EMPTY_BODY = YES;
				CLANG_WARN_ENUM_CONVERSION = YES;
				CLANG_WARN_INFINITE_RECURSION = YES;
				CLANG_WARN_INT_CONVERSION = YES;
				CLANG_WARN_NON_LITERAL_NULL_CONVERSION = YES;
				CLANG_WARN_OBJC_IMPLICIT_RETAIN_SELF = YES;
				CLANG_WARN_OBJC_LITERAL_CONVERSION = YES;
				CLANG_WARN_OBJC_ROOT_CLASS = YES_ERROR;
				CLANG_WARN_RANGE_LOOP_ANALYSIS = YES;
				CLANG_WARN_STRICT_PROTOTYPES = YES;
				CLANG_WARN_SUSPICIOUS_MOVE = YES;
				CLANG_WARN_UNGUARDED_AVAILABILITY = YES_AGGRESSIVE;
				CLANG_WARN_UNREACHABLE_CODE = YES;
				CLANG_WARN__DUPLICATE_METHOD_MATCH = YES;
				COPY_PHASE_STRIP = NO;
				DEBUG_INFORMATION_FORMAT = "dwarf-with-dsym";
				ENABLE_NS_ASSERTIONS = NO;
				ENABLE_STRICT_OBJC_MSGSEND = YES;
				GCC_C_LANGUAGE_STANDARD = gnu11;
				GCC_NO_COMMON_BLOCKS = YES;
				GCC_WARN_64_TO_32_BIT_CONVERSION = YES;
				GCC_WARN_ABOUT_RETURN_TYPE = YES_ERROR;
				GCC_WARN_UNDECLARED_SELECTOR = YES;
				GCC_WARN_UNINITIALIZED_AUTOS = YES_AGGRESSIVE;
				GCC_WARN_UNUSED_FUNCTION = YES;
				GCC_WARN_UNUSED_VARIABLE = YES;
				IPHONEOS_DEPLOYMENT_TARGET = 13.4;
				MTL_ENABLE_DEBUG_INFO = NO;
				MTL_FAST_MATH = YES;
				SDKROOT = iphoneos;
				SWIFT_COMPILATION_MODE = wholemodule;
				SWIFT_OPTIMIZATION_LEVEL = "-O";
				VALIDATE_PRODUCT = YES;
			};
			name = Release;
		};
		CD0DB993244DB8FC00CEFE9B /* Debug */ = {
			isa = XCBuildConfiguration;
			buildSettings = {
				ASSETCATALOG_COMPILER_APPICON_NAME = AppIcon;
				CODE_SIGN_STYLE = Automatic;
				DEVELOPMENT_ASSET_PATHS = "\"habit-track/Preview Content\"";
				DEVELOPMENT_TEAM = Z7788V56C7;
				ENABLE_PREVIEWS = YES;
				INFOPLIST_FILE = "habit-track/Info.plist";
				LD_RUNPATH_SEARCH_PATHS = (
					"$(inherited)",
					"@executable_path/Frameworks",
				);
				PRODUCT_BUNDLE_IDENTIFIER = "com.vladvrublevsky.habit-track";
				PRODUCT_NAME = "$(TARGET_NAME)";
				SWIFT_VERSION = 5.0;
				TARGETED_DEVICE_FAMILY = "1,2";
			};
			name = Debug;
		};
		CD0DB994244DB8FC00CEFE9B /* Release */ = {
			isa = XCBuildConfiguration;
			buildSettings = {
				ASSETCATALOG_COMPILER_APPICON_NAME = AppIcon;
				CODE_SIGN_STYLE = Automatic;
				DEVELOPMENT_ASSET_PATHS = "\"habit-track/Preview Content\"";
				DEVELOPMENT_TEAM = Z7788V56C7;
				ENABLE_PREVIEWS = YES;
				INFOPLIST_FILE = "habit-track/Info.plist";
				LD_RUNPATH_SEARCH_PATHS = (
					"$(inherited)",
					"@executable_path/Frameworks",
				);
				PRODUCT_BUNDLE_IDENTIFIER = "com.vladvrublevsky.habit-track";
				PRODUCT_NAME = "$(TARGET_NAME)";
				SWIFT_VERSION = 5.0;
				TARGETED_DEVICE_FAMILY = "1,2";
			};
			name = Release;
		};
/* End XCBuildConfiguration section */

/* Begin XCConfigurationList section */
		CD0DB979244DB8FB00CEFE9B /* Build configuration list for PBXProject "habit-track" */ = {
			isa = XCConfigurationList;
			buildConfigurations = (
				CD0DB990244DB8FC00CEFE9B /* Debug */,
				CD0DB991244DB8FC00CEFE9B /* Release */,
			);
			defaultConfigurationIsVisible = 0;
			defaultConfigurationName = Release;
		};
		CD0DB992244DB8FC00CEFE9B /* Build configuration list for PBXNativeTarget "habit-track" */ = {
			isa = XCConfigurationList;
			buildConfigurations = (
				CD0DB993244DB8FC00CEFE9B /* Debug */,
				CD0DB994244DB8FC00CEFE9B /* Release */,
			);
			defaultConfigurationIsVisible = 0;
			defaultConfigurationName = Release;
		};
/* End XCConfigurationList section */
	};
	rootObject = CD0DB976244DB8FB00CEFE9B /* Project object */;
}
