// !$*UTF8*$!
{
	archiveVersion = 1;
	classes = {
	};
	objectVersion = 50;
	objects = {

/* Begin PBXBuildFile section */
		CDD4CE00246DD9C90076A212 /* resorts.json in Resources */ = {isa = PBXBuildFile; fileRef = CDD4CDFF246DD9C90076A212 /* resorts.json */; };
		CDD4CE02246DDC980076A212 /* Resort.swift in Sources */ = {isa = PBXBuildFile; fileRef = CDD4CE01246DDC980076A212 /* Resort.swift */; };
		CDD4CE04246DDD620076A212 /* Bundle-Decodable.swift in Sources */ = {isa = PBXBuildFile; fileRef = CDD4CE03246DDD620076A212 /* Bundle-Decodable.swift */; };
		CDDDBE9C246B23B600D8BADC /* AppDelegate.swift in Sources */ = {isa = PBXBuildFile; fileRef = CDDDBE9B246B23B600D8BADC /* AppDelegate.swift */; };
		CDDDBE9E246B23B600D8BADC /* SceneDelegate.swift in Sources */ = {isa = PBXBuildFile; fileRef = CDDDBE9D246B23B600D8BADC /* SceneDelegate.swift */; };
		CDDDBEA0246B23B600D8BADC /* ContentView.swift in Sources */ = {isa = PBXBuildFile; fileRef = CDDDBE9F246B23B600D8BADC /* ContentView.swift */; };
		CDDDBEA2246B23B800D8BADC /* Assets.xcassets in Resources */ = {isa = PBXBuildFile; fileRef = CDDDBEA1246B23B800D8BADC /* Assets.xcassets */; };
		CDDDBEA5246B23B800D8BADC /* Preview Assets.xcassets in Resources */ = {isa = PBXBuildFile; fileRef = CDDDBEA4246B23B800D8BADC /* Preview Assets.xcassets */; };
		CDDDBEA8246B23B800D8BADC /* LaunchScreen.storyboard in Resources */ = {isa = PBXBuildFile; fileRef = CDDDBEA6246B23B800D8BADC /* LaunchScreen.storyboard */; };
		CDDF95D2246EAED400569377 /* WelcomeView.swift in Sources */ = {isa = PBXBuildFile; fileRef = CDDF95D1246EAED400569377 /* WelcomeView.swift */; };
		CDDF95D4246EB09900569377 /* ResortView.swift in Sources */ = {isa = PBXBuildFile; fileRef = CDDF95D3246EB09900569377 /* ResortView.swift */; };
		CDDF95D6246EB2ED00569377 /* SkiDetailsView.swift in Sources */ = {isa = PBXBuildFile; fileRef = CDDF95D5246EB2ED00569377 /* SkiDetailsView.swift */; };
		CDDF95D8246ED20A00569377 /* ResortDetailsView.swift in Sources */ = {isa = PBXBuildFile; fileRef = CDDF95D7246ED20A00569377 /* ResortDetailsView.swift */; };
/* End PBXBuildFile section */

/* Begin PBXFileReference section */
		CDD4CDFF246DD9C90076A212 /* resorts.json */ = {isa = PBXFileReference; fileEncoding = 4; lastKnownFileType = text.json; path = resorts.json; sourceTree = "<group>"; };
		CDD4CE01246DDC980076A212 /* Resort.swift */ = {isa = PBXFileReference; lastKnownFileType = sourcecode.swift; path = Resort.swift; sourceTree = "<group>"; };
		CDD4CE03246DDD620076A212 /* Bundle-Decodable.swift */ = {isa = PBXFileReference; lastKnownFileType = sourcecode.swift; path = "Bundle-Decodable.swift"; sourceTree = "<group>"; };
		CDDDBE98246B23B600D8BADC /* SnowSeeker.app */ = {isa = PBXFileReference; explicitFileType = wrapper.application; includeInIndex = 0; path = SnowSeeker.app; sourceTree = BUILT_PRODUCTS_DIR; };
		CDDDBE9B246B23B600D8BADC /* AppDelegate.swift */ = {isa = PBXFileReference; lastKnownFileType = sourcecode.swift; path = AppDelegate.swift; sourceTree = "<group>"; };
		CDDDBE9D246B23B600D8BADC /* SceneDelegate.swift */ = {isa = PBXFileReference; lastKnownFileType = sourcecode.swift; path = SceneDelegate.swift; sourceTree = "<group>"; };
		CDDDBE9F246B23B600D8BADC /* ContentView.swift */ = {isa = PBXFileReference; lastKnownFileType = sourcecode.swift; path = ContentView.swift; sourceTree = "<group>"; };
		CDDDBEA1246B23B800D8BADC /* Assets.xcassets */ = {isa = PBXFileReference; lastKnownFileType = folder.assetcatalog; path = Assets.xcassets; sourceTree = "<group>"; };
		CDDDBEA4246B23B800D8BADC /* Preview Assets.xcassets */ = {isa = PBXFileReference; lastKnownFileType = folder.assetcatalog; path = "Preview Assets.xcassets"; sourceTree = "<group>"; };
		CDDDBEA7246B23B800D8BADC /* Base */ = {isa = PBXFileReference; lastKnownFileType = file.storyboard; name = Base; path = Base.lproj/LaunchScreen.storyboard; sourceTree = "<group>"; };
		CDDDBEA9246B23B800D8BADC /* Info.plist */ = {isa = PBXFileReference; lastKnownFileType = text.plist.xml; path = Info.plist; sourceTree = "<group>"; };
		CDDF95D1246EAED400569377 /* WelcomeView.swift */ = {isa = PBXFileReference; lastKnownFileType = sourcecode.swift; path = WelcomeView.swift; sourceTree = "<group>"; };
		CDDF95D3246EB09900569377 /* ResortView.swift */ = {isa = PBXFileReference; lastKnownFileType = sourcecode.swift; path = ResortView.swift; sourceTree = "<group>"; };
		CDDF95D5246EB2ED00569377 /* SkiDetailsView.swift */ = {isa = PBXFileReference; lastKnownFileType = sourcecode.swift; path = SkiDetailsView.swift; sourceTree = "<group>"; };
		CDDF95D7246ED20A00569377 /* ResortDetailsView.swift */ = {isa = PBXFileReference; lastKnownFileType = sourcecode.swift; path = ResortDetailsView.swift; sourceTree = "<group>"; };
/* End PBXFileReference section */

/* Begin PBXFrameworksBuildPhase section */
		CDDDBE95246B23B600D8BADC /* Frameworks */ = {
			isa = PBXFrameworksBuildPhase;
			buildActionMask = 2147483647;
			files = (
			);
			runOnlyForDeploymentPostprocessing = 0;
		};
/* End PBXFrameworksBuildPhase section */

/* Begin PBXGroup section */
		CDDDBE8F246B23B600D8BADC = {
			isa = PBXGroup;
			children = (
				CDDDBE9A246B23B600D8BADC /* SnowSeeker */,
				CDDDBE99246B23B600D8BADC /* Products */,
			);
			sourceTree = "<group>";
		};
		CDDDBE99246B23B600D8BADC /* Products */ = {
			isa = PBXGroup;
			children = (
				CDDDBE98246B23B600D8BADC /* SnowSeeker.app */,
			);
			name = Products;
			sourceTree = "<group>";
		};
		CDDDBE9A246B23B600D8BADC /* SnowSeeker */ = {
			isa = PBXGroup;
			children = (
				CDD4CDFF246DD9C90076A212 /* resorts.json */,
				CDDDBE9B246B23B600D8BADC /* AppDelegate.swift */,
				CDDDBE9D246B23B600D8BADC /* SceneDelegate.swift */,
				CDDDBE9F246B23B600D8BADC /* ContentView.swift */,
				CDDF95D5246EB2ED00569377 /* SkiDetailsView.swift */,
				CDDF95D7246ED20A00569377 /* ResortDetailsView.swift */,
				CDDF95D1246EAED400569377 /* WelcomeView.swift */,
				CDDDBEA1246B23B800D8BADC /* Assets.xcassets */,
				CDD4CE01246DDC980076A212 /* Resort.swift */,
				CDDF95D3246EB09900569377 /* ResortView.swift */,
				CDD4CE03246DDD620076A212 /* Bundle-Decodable.swift */,
				CDDDBEA6246B23B800D8BADC /* LaunchScreen.storyboard */,
				CDDDBEA9246B23B800D8BADC /* Info.plist */,
				CDDDBEA3246B23B800D8BADC /* Preview Content */,
			);
			path = SnowSeeker;
			sourceTree = "<group>";
		};
		CDDDBEA3246B23B800D8BADC /* Preview Content */ = {
			isa = PBXGroup;
			children = (
				CDDDBEA4246B23B800D8BADC /* Preview Assets.xcassets */,
			);
			path = "Preview Content";
			sourceTree = "<group>";
		};
/* End PBXGroup section */

/* Begin PBXNativeTarget section */
		CDDDBE97246B23B600D8BADC /* SnowSeeker */ = {
			isa = PBXNativeTarget;
			buildConfigurationList = CDDDBEAC246B23B800D8BADC /* Build configuration list for PBXNativeTarget "SnowSeeker" */;
			buildPhases = (
				CDDDBE94246B23B600D8BADC /* Sources */,
				CDDDBE95246B23B600D8BADC /* Frameworks */,
				CDDDBE96246B23B600D8BADC /* Resources */,
			);
			buildRules = (
			);
			dependencies = (
			);
			name = SnowSeeker;
			productName = SnowSeeker;
			productReference = CDDDBE98246B23B600D8BADC /* SnowSeeker.app */;
			productType = "com.apple.product-type.application";
		};
/* End PBXNativeTarget section */

/* Begin PBXProject section */
		CDDDBE90246B23B600D8BADC /* Project object */ = {
			isa = PBXProject;
			attributes = {
				LastSwiftUpdateCheck = 1140;
				LastUpgradeCheck = 1140;
				ORGANIZATIONNAME = "Vlad Vrublevsky";
				TargetAttributes = {
					CDDDBE97246B23B600D8BADC = {
						CreatedOnToolsVersion = 11.4.1;
					};
				};
			};
			buildConfigurationList = CDDDBE93246B23B600D8BADC /* Build configuration list for PBXProject "SnowSeeker" */;
			compatibilityVersion = "Xcode 9.3";
			developmentRegion = en;
			hasScannedForEncodings = 0;
			knownRegions = (
				en,
				Base,
			);
			mainGroup = CDDDBE8F246B23B600D8BADC;
			productRefGroup = CDDDBE99246B23B600D8BADC /* Products */;
			projectDirPath = "";
			projectRoot = "";
			targets = (
				CDDDBE97246B23B600D8BADC /* SnowSeeker */,
			);
		};
/* End PBXProject section */

/* Begin PBXResourcesBuildPhase section */
		CDDDBE96246B23B600D8BADC /* Resources */ = {
			isa = PBXResourcesBuildPhase;
			buildActionMask = 2147483647;
			files = (
				CDDDBEA8246B23B800D8BADC /* LaunchScreen.storyboard in Resources */,
				CDDDBEA5246B23B800D8BADC /* Preview Assets.xcassets in Resources */,
				CDD4CE00246DD9C90076A212 /* resorts.json in Resources */,
				CDDDBEA2246B23B800D8BADC /* Assets.xcassets in Resources */,
			);
			runOnlyForDeploymentPostprocessing = 0;
		};
/* End PBXResourcesBuildPhase section */

/* Begin PBXSourcesBuildPhase section */
		CDDDBE94246B23B600D8BADC /* Sources */ = {
			isa = PBXSourcesBuildPhase;
			buildActionMask = 2147483647;
			files = (
				CDDDBE9C246B23B600D8BADC /* AppDelegate.swift in Sources */,
				CDDF95D2246EAED400569377 /* WelcomeView.swift in Sources */,
				CDDDBE9E246B23B600D8BADC /* SceneDelegate.swift in Sources */,
				CDDF95D4246EB09900569377 /* ResortView.swift in Sources */,
				CDD4CE04246DDD620076A212 /* Bundle-Decodable.swift in Sources */,
				CDD4CE02246DDC980076A212 /* Resort.swift in Sources */,
				CDDF95D8246ED20A00569377 /* ResortDetailsView.swift in Sources */,
				CDDDBEA0246B23B600D8BADC /* ContentView.swift in Sources */,
				CDDF95D6246EB2ED00569377 /* SkiDetailsView.swift in Sources */,
			);
			runOnlyForDeploymentPostprocessing = 0;
		};
/* End PBXSourcesBuildPhase section */

/* Begin PBXVariantGroup section */
		CDDDBEA6246B23B800D8BADC /* LaunchScreen.storyboard */ = {
			isa = PBXVariantGroup;
			children = (
				CDDDBEA7246B23B800D8BADC /* Base */,
			);
			name = LaunchScreen.storyboard;
			sourceTree = "<group>";
		};
/* End PBXVariantGroup section */

/* Begin XCBuildConfiguration section */
		CDDDBEAA246B23B800D8BADC /* Debug */ = {
			isa = XCBuildConfiguration;
			buildSettings = {
				ALWAYS_SEARCH_USER_PATHS = NO;
				CLANG_ANALYZER_NONNULL = YES;
				CLANG_ANALYZER_NUMBER_OBJECT_CONVERSION = YES_AGGRESSIVE;
				CLANG_CXX_LANGUAGE_STANDARD = "gnu++14";
				CLANG_CXX_LIBRARY = "libc++";
				CLANG_ENABLE_MODULES = YES;
				CLANG_ENABLE_OBJC_ARC = YES;
				CLANG_ENABLE_OBJC_WEAK = YES;
				CLANG_WARN_BLOCK_CAPTURE_AUTORELEASING = YES;
				CLANG_WARN_BOOL_CONVERSION = YES;
				CLANG_WARN_COMMA = YES;
				CLANG_WARN_CONSTANT_CONVERSION = YES;
				CLANG_WARN_DEPRECATED_OBJC_IMPLEMENTATIONS = YES;
				CLANG_WARN_DIRECT_OBJC_ISA_USAGE = YES_ERROR;
				CLANG_WARN_DOCUMENTATION_COMMENTS = YES;
				CLANG_WARN_EMPTY_BODY = YES;
				CLANG_WARN_ENUM_CONVERSION = YES;
				CLANG_WARN_INFINITE_RECURSION = YES;
				CLANG_WARN_INT_CONVERSION = YES;
				CLANG_WARN_NON_LITERAL_NULL_CONVERSION = YES;
				CLANG_WARN_OBJC_IMPLICIT_RETAIN_SELF = YES;
				CLANG_WARN_OBJC_LITERAL_CONVERSION = YES;
				CLANG_WARN_OBJC_ROOT_CLASS = YES_ERROR;
				CLANG_WARN_RANGE_LOOP_ANALYSIS = YES;
				CLANG_WARN_STRICT_PROTOTYPES = YES;
				CLANG_WARN_SUSPICIOUS_MOVE = YES;
				CLANG_WARN_UNGUARDED_AVAILABILITY = YES_AGGRESSIVE;
				CLANG_WARN_UNREACHABLE_CODE = YES;
				CLANG_WARN__DUPLICATE_METHOD_MATCH = YES;
				COPY_PHASE_STRIP = NO;
				DEBUG_INFORMATION_FORMAT = dwarf;
				ENABLE_STRICT_OBJC_MSGSEND = YES;
				ENABLE_TESTABILITY = YES;
				GCC_C_LANGUAGE_STANDARD = gnu11;
				GCC_DYNAMIC_NO_PIC = NO;
				GCC_NO_COMMON_BLOCKS = YES;
				GCC_OPTIMIZATION_LEVEL = 0;
				GCC_PREPROCESSOR_DEFINITIONS = (
					"DEBUG=1",
					"$(inherited)",
				);
				GCC_WARN_64_TO_32_BIT_CONVERSION = YES;
				GCC_WARN_ABOUT_RETURN_TYPE = YES_ERROR;
				GCC_WARN_UNDECLARED_SELECTOR = YES;
				GCC_WARN_UNINITIALIZED_AUTOS = YES_AGGRESSIVE;
				GCC_WARN_UNUSED_FUNCTION = YES;
				GCC_WARN_UNUSED_VARIABLE = YES;
				IPHONEOS_DEPLOYMENT_TARGET = 13.4;
				MTL_ENABLE_DEBUG_INFO = INCLUDE_SOURCE;
				MTL_FAST_MATH = YES;
				ONLY_ACTIVE_ARCH = YES;
				SDKROOT = iphoneos;
				SWIFT_ACTIVE_COMPILATION_CONDITIONS = DEBUG;
				SWIFT_OPTIMIZATION_LEVEL = "-Onone";
			};
			name = Debug;
		};
		CDDDBEAB246B23B800D8BADC /* Release */ = {
			isa = XCBuildConfiguration;
			buildSettings = {
				ALWAYS_SEARCH_USER_PATHS = NO;
				CLANG_ANALYZER_NONNULL = YES;
				CLANG_ANALYZER_NUMBER_OBJECT_CONVERSION = YES_AGGRESSIVE;
				CLANG_CXX_LANGUAGE_STANDARD = "gnu++14";
				CLANG_CXX_LIBRARY = "libc++";
				CLANG_ENABLE_MODULES = YES;
				CLANG_ENABLE_OBJC_ARC = YES;
				CLANG_ENABLE_OBJC_WEAK = YES;
				CLANG_WARN_BLOCK_CAPTURE_AUTORELEASING = YES;
				CLANG_WARN_BOOL_CONVERSION = YES;
				CLANG_WARN_COMMA = YES;
				CLANG_WARN_CONSTANT_CONVERSION = YES;
				CLANG_WARN_DEPRECATED_OBJC_IMPLEMENTATIONS = YES;
				CLANG_WARN_DIRECT_OBJC_ISA_USAGE = YES_ERROR;
				CLANG_WARN_DOCUMENTATION_COMMENTS = YES;
				CLANG_WARN_EMPTY_BODY = YES;
				CLANG_WARN_ENUM_CONVERSION = YES;
				CLANG_WARN_INFINITE_RECURSION = YES;
				CLANG_WARN_INT_CONVERSION = YES;
				CLANG_WARN_NON_LITERAL_NULL_CONVERSION = YES;
				CLANG_WARN_OBJC_IMPLICIT_RETAIN_SELF = YES;
				CLANG_WARN_OBJC_LITERAL_CONVERSION = YES;
				CLANG_WARN_OBJC_ROOT_CLASS = YES_ERROR;
				CLANG_WARN_RANGE_LOOP_ANALYSIS = YES;
				CLANG_WARN_STRICT_PROTOTYPES = YES;
				CLANG_WARN_SUSPICIOUS_MOVE = YES;
				CLANG_WARN_UNGUARDED_AVAILABILITY = YES_AGGRESSIVE;
				CLANG_WARN_UNREACHABLE_CODE = YES;
				CLANG_WARN__DUPLICATE_METHOD_MATCH = YES;
				COPY_PHASE_STRIP = NO;
				DEBUG_INFORMATION_FORMAT = "dwarf-with-dsym";
				ENABLE_NS_ASSERTIONS = NO;
				ENABLE_STRICT_OBJC_MSGSEND = YES;
				GCC_C_LANGUAGE_STANDARD = gnu11;
				GCC_NO_COMMON_BLOCKS = YES;
				GCC_WARN_64_TO_32_BIT_CONVERSION = YES;
				GCC_WARN_ABOUT_RETURN_TYPE = YES_ERROR;
				GCC_WARN_UNDECLARED_SELECTOR = YES;
				GCC_WARN_UNINITIALIZED_AUTOS = YES_AGGRESSIVE;
				GCC_WARN_UNUSED_FUNCTION = YES;
				GCC_WARN_UNUSED_VARIABLE = YES;
				IPHONEOS_DEPLOYMENT_TARGET = 13.4;
				MTL_ENABLE_DEBUG_INFO = NO;
				MTL_FAST_MATH = YES;
				SDKROOT = iphoneos;
				SWIFT_COMPILATION_MODE = wholemodule;
				SWIFT_OPTIMIZATION_LEVEL = "-O";
				VALIDATE_PRODUCT = YES;
			};
			name = Release;
		};
		CDDDBEAD246B23B800D8BADC /* Debug */ = {
			isa = XCBuildConfiguration;
			buildSettings = {
				ASSETCATALOG_COMPILER_APPICON_NAME = AppIcon;
				CODE_SIGN_STYLE = Automatic;
				DEVELOPMENT_ASSET_PATHS = "\"SnowSeeker/Preview Content\"";
				DEVELOPMENT_TEAM = Z7788V56C7;
				ENABLE_PREVIEWS = YES;
				INFOPLIST_FILE = SnowSeeker/Info.plist;
				LD_RUNPATH_SEARCH_PATHS = (
					"$(inherited)",
					"@executable_path/Frameworks",
				);
				PRODUCT_BUNDLE_IDENTIFIER = com.vladvrublevsky.SnowSeeker;
				PRODUCT_NAME = "$(TARGET_NAME)";
				SWIFT_VERSION = 5.0;
				TARGETED_DEVICE_FAMILY = "1,2";
			};
			name = Debug;
		};
		CDDDBEAE246B23B800D8BADC /* Release */ = {
			isa = XCBuildConfiguration;
			buildSettings = {
				ASSETCATALOG_COMPILER_APPICON_NAME = AppIcon;
				CODE_SIGN_STYLE = Automatic;
				DEVELOPMENT_ASSET_PATHS = "\"SnowSeeker/Preview Content\"";
				DEVELOPMENT_TEAM = Z7788V56C7;
				ENABLE_PREVIEWS = YES;
				INFOPLIST_FILE = SnowSeeker/Info.plist;
				LD_RUNPATH_SEARCH_PATHS = (
					"$(inherited)",
					"@executable_path/Frameworks",
				);
				PRODUCT_BUNDLE_IDENTIFIER = com.vladvrublevsky.SnowSeeker;
				PRODUCT_NAME = "$(TARGET_NAME)";
				SWIFT_VERSION = 5.0;
				TARGETED_DEVICE_FAMILY = "1,2";
			};
			name = Release;
		};
/* End XCBuildConfiguration section */

/* Begin XCConfigurationList section */
		CDDDBE93246B23B600D8BADC /* Build configuration list for PBXProject "SnowSeeker" */ = {
			isa = XCConfigurationList;
			buildConfigurations = (
				CDDDBEAA246B23B800D8BADC /* Debug */,
				CDDDBEAB246B23B800D8BADC /* Release */,
			);
			defaultConfigurationIsVisible = 0;
			defaultConfigurationName = Release;
		};
		CDDDBEAC246B23B800D8BADC /* Build configuration list for PBXNativeTarget "SnowSeeker" */ = {
			isa = XCConfigurationList;
			buildConfigurations = (
				CDDDBEAD246B23B800D8BADC /* Debug */,
				CDDDBEAE246B23B800D8BADC /* Release */,
			);
			defaultConfigurationIsVisible = 0;
			defaultConfigurationName = Release;
		};
/* End XCConfigurationList section */
	};
	rootObject = CDDDBE90246B23B600D8BADC /* Project object */;
}
