// !$*UTF8*$!
{
	archiveVersion = 1;
	classes = {
	};
	objectVersion = 50;
	objects = {

/* Begin PBXBuildFile section */
		CDDDBE71246AD5DE00D8BADC /* AppDelegate.swift in Sources */ = {isa = PBXBuildFile; fileRef = CDDDBE70246AD5DE00D8BADC /* AppDelegate.swift */; };
		CDDDBE73246AD5DE00D8BADC /* SceneDelegate.swift in Sources */ = {isa = PBXBuildFile; fileRef = CDDDBE72246AD5DE00D8BADC /* SceneDelegate.swift */; };
		CDDDBE76246AD5DE00D8BADC /* Dice.xcdatamodeld in Sources */ = {isa = PBXBuildFile; fileRef = CDDDBE74246AD5DE00D8BADC /* Dice.xcdatamodeld */; };
		CDDDBE78246AD5DE00D8BADC /* ContentView.swift in Sources */ = {isa = PBXBuildFile; fileRef = CDDDBE77246AD5DE00D8BADC /* ContentView.swift */; };
		CDDDBE7A246AD5E000D8BADC /* Assets.xcassets in Resources */ = {isa = PBXBuildFile; fileRef = CDDDBE79246AD5E000D8BADC /* Assets.xcassets */; };
		CDDDBE7D246AD5E000D8BADC /* Preview Assets.xcassets in Resources */ = {isa = PBXBuildFile; fileRef = CDDDBE7C246AD5E000D8BADC /* Preview Assets.xcassets */; };
		CDDDBE80246AD5E000D8BADC /* LaunchScreen.storyboard in Resources */ = {isa = PBXBuildFile; fileRef = CDDDBE7E246AD5E000D8BADC /* LaunchScreen.storyboard */; };
		CDDDBE88246AD74B00D8BADC /* PlayView.swift in Sources */ = {isa = PBXBuildFile; fileRef = CDDDBE87246AD74B00D8BADC /* PlayView.swift */; };
		CDDDBE8A246AD85400D8BADC /* ScoreView.swift in Sources */ = {isa = PBXBuildFile; fileRef = CDDDBE89246AD85400D8BADC /* ScoreView.swift */; };
		CDDDBE8C246AD85F00D8BADC /* SettingsView.swift in Sources */ = {isa = PBXBuildFile; fileRef = CDDDBE8B246AD85F00D8BADC /* SettingsView.swift */; };
/* End PBXBuildFile section */

/* Begin PBXFileReference section */
		CDDDBE6D246AD5DE00D8BADC /* Dice.app */ = {isa = PBXFileReference; explicitFileType = wrapper.application; includeInIndex = 0; path = Dice.app; sourceTree = BUILT_PRODUCTS_DIR; };
		CDDDBE70246AD5DE00D8BADC /* AppDelegate.swift */ = {isa = PBXFileReference; lastKnownFileType = sourcecode.swift; path = AppDelegate.swift; sourceTree = "<group>"; };
		CDDDBE72246AD5DE00D8BADC /* SceneDelegate.swift */ = {isa = PBXFileReference; lastKnownFileType = sourcecode.swift; path = SceneDelegate.swift; sourceTree = "<group>"; };
		CDDDBE75246AD5DE00D8BADC /* Dice.xcdatamodel */ = {isa = PBXFileReference; lastKnownFileType = wrapper.xcdatamodel; path = Dice.xcdatamodel; sourceTree = "<group>"; };
		CDDDBE77246AD5DE00D8BADC /* ContentView.swift */ = {isa = PBXFileReference; lastKnownFileType = sourcecode.swift; path = ContentView.swift; sourceTree = "<group>"; };
		CDDDBE79246AD5E000D8BADC /* Assets.xcassets */ = {isa = PBXFileReference; lastKnownFileType = folder.assetcatalog; path = Assets.xcassets; sourceTree = "<group>"; };
		CDDDBE7C246AD5E000D8BADC /* Preview Assets.xcassets */ = {isa = PBXFileReference; lastKnownFileType = folder.assetcatalog; path = "Preview Assets.xcassets"; sourceTree = "<group>"; };
		CDDDBE7F246AD5E000D8BADC /* Base */ = {isa = PBXFileReference; lastKnownFileType = file.storyboard; name = Base; path = Base.lproj/LaunchScreen.storyboard; sourceTree = "<group>"; };
		CDDDBE81246AD5E000D8BADC /* Info.plist */ = {isa = PBXFileReference; lastKnownFileType = text.plist.xml; path = Info.plist; sourceTree = "<group>"; };
		CDDDBE87246AD74B00D8BADC /* PlayView.swift */ = {isa = PBXFileReference; lastKnownFileType = sourcecode.swift; path = PlayView.swift; sourceTree = "<group>"; };
		CDDDBE89246AD85400D8BADC /* ScoreView.swift */ = {isa = PBXFileReference; lastKnownFileType = sourcecode.swift; path = ScoreView.swift; sourceTree = "<group>"; };
		CDDDBE8B246AD85F00D8BADC /* SettingsView.swift */ = {isa = PBXFileReference; lastKnownFileType = sourcecode.swift; path = SettingsView.swift; sourceTree = "<group>"; };
/* End PBXFileReference section */

/* Begin PBXFrameworksBuildPhase section */
		CDDDBE6A246AD5DE00D8BADC /* Frameworks */ = {
			isa = PBXFrameworksBuildPhase;
			buildActionMask = 2147483647;
			files = (
			);
			runOnlyForDeploymentPostprocessing = 0;
		};
/* End PBXFrameworksBuildPhase section */

/* Begin PBXGroup section */
		CDDDBE64246AD5DD00D8BADC = {
			isa = PBXGroup;
			children = (
				CDDDBE6F246AD5DE00D8BADC /* Dice */,
				CDDDBE6E246AD5DE00D8BADC /* Products */,
			);
			sourceTree = "<group>";
		};
		CDDDBE6E246AD5DE00D8BADC /* Products */ = {
			isa = PBXGroup;
			children = (
				CDDDBE6D246AD5DE00D8BADC /* Dice.app */,
			);
			name = Products;
			sourceTree = "<group>";
		};
		CDDDBE6F246AD5DE00D8BADC /* Dice */ = {
			isa = PBXGroup;
			children = (
				CDDDBE70246AD5DE00D8BADC /* AppDelegate.swift */,
				CDDDBE72246AD5DE00D8BADC /* SceneDelegate.swift */,
				CDDDBE77246AD5DE00D8BADC /* ContentView.swift */,
				CDDDBE89246AD85400D8BADC /* ScoreView.swift */,
				CDDDBE8B246AD85F00D8BADC /* SettingsView.swift */,
				CDDDBE87246AD74B00D8BADC /* PlayView.swift */,
				CDDDBE79246AD5E000D8BADC /* Assets.xcassets */,
				CDDDBE7E246AD5E000D8BADC /* LaunchScreen.storyboard */,
				CDDDBE81246AD5E000D8BADC /* Info.plist */,
				CDDDBE74246AD5DE00D8BADC /* Dice.xcdatamodeld */,
				CDDDBE7B246AD5E000D8BADC /* Preview Content */,
			);
			path = Dice;
			sourceTree = "<group>";
		};
		CDDDBE7B246AD5E000D8BADC /* Preview Content */ = {
			isa = PBXGroup;
			children = (
				CDDDBE7C246AD5E000D8BADC /* Preview Assets.xcassets */,
			);
			path = "Preview Content";
			sourceTree = "<group>";
		};
/* End PBXGroup section */

/* Begin PBXNativeTarget section */
		CDDDBE6C246AD5DE00D8BADC /* Dice */ = {
			isa = PBXNativeTarget;
			buildConfigurationList = CDDDBE84246AD5E000D8BADC /* Build configuration list for PBXNativeTarget "Dice" */;
			buildPhases = (
				CDDDBE69246AD5DE00D8BADC /* Sources */,
				CDDDBE6A246AD5DE00D8BADC /* Frameworks */,
				CDDDBE6B246AD5DE00D8BADC /* Resources */,
			);
			buildRules = (
			);
			dependencies = (
			);
			name = Dice;
			productName = Dice;
			productReference = CDDDBE6D246AD5DE00D8BADC /* Dice.app */;
			productType = "com.apple.product-type.application";
		};
/* End PBXNativeTarget section */

/* Begin PBXProject section */
		CDDDBE65246AD5DD00D8BADC /* Project object */ = {
			isa = PBXProject;
			attributes = {
				LastSwiftUpdateCheck = 1140;
				LastUpgradeCheck = 1140;
				ORGANIZATIONNAME = "Vlad Vrublevsky";
				TargetAttributes = {
					CDDDBE6C246AD5DE00D8BADC = {
						CreatedOnToolsVersion = 11.4.1;
					};
				};
			};
			buildConfigurationList = CDDDBE68246AD5DD00D8BADC /* Build configuration list for PBXProject "Dice" */;
			compatibilityVersion = "Xcode 9.3";
			developmentRegion = en;
			hasScannedForEncodings = 0;
			knownRegions = (
				en,
				Base,
			);
			mainGroup = CDDDBE64246AD5DD00D8BADC;
			productRefGroup = CDDDBE6E246AD5DE00D8BADC /* Products */;
			projectDirPath = "";
			projectRoot = "";
			targets = (
				CDDDBE6C246AD5DE00D8BADC /* Dice */,
			);
		};
/* End PBXProject section */

/* Begin PBXResourcesBuildPhase section */
		CDDDBE6B246AD5DE00D8BADC /* Resources */ = {
			isa = PBXResourcesBuildPhase;
			buildActionMask = 2147483647;
			files = (
				CDDDBE80246AD5E000D8BADC /* LaunchScreen.storyboard in Resources */,
				CDDDBE7D246AD5E000D8BADC /* Preview Assets.xcassets in Resources */,
				CDDDBE7A246AD5E000D8BADC /* Assets.xcassets in Resources */,
			);
			runOnlyForDeploymentPostprocessing = 0;
		};
/* End PBXResourcesBuildPhase section */

/* Begin PBXSourcesBuildPhase section */
		CDDDBE69246AD5DE00D8BADC /* Sources */ = {
			isa = PBXSourcesBuildPhase;
			buildActionMask = 2147483647;
			files = (
				CDDDBE8C246AD85F00D8BADC /* SettingsView.swift in Sources */,
				CDDDBE71246AD5DE00D8BADC /* AppDelegate.swift in Sources */,
				CDDDBE73246AD5DE00D8BADC /* SceneDelegate.swift in Sources */,
				CDDDBE78246AD5DE00D8BADC /* ContentView.swift in Sources */,
				CDDDBE88246AD74B00D8BADC /* PlayView.swift in Sources */,
				CDDDBE76246AD5DE00D8BADC /* Dice.xcdatamodeld in Sources */,
				CDDDBE8A246AD85400D8BADC /* ScoreView.swift in Sources */,
			);
			runOnlyForDeploymentPostprocessing = 0;
		};
/* End PBXSourcesBuildPhase section */

/* Begin PBXVariantGroup section */
		CDDDBE7E246AD5E000D8BADC /* LaunchScreen.storyboard */ = {
			isa = PBXVariantGroup;
			children = (
				CDDDBE7F246AD5E000D8BADC /* Base */,
			);
			name = LaunchScreen.storyboard;
			sourceTree = "<group>";
		};
/* End PBXVariantGroup section */

/* Begin XCBuildConfiguration section */
		CDDDBE82246AD5E000D8BADC /* Debug */ = {
			isa = XCBuildConfiguration;
			buildSettings = {
				ALWAYS_SEARCH_USER_PATHS = NO;
				CLANG_ANALYZER_NONNULL = YES;
				CLANG_ANALYZER_NUMBER_OBJECT_CONVERSION = YES_AGGRESSIVE;
				CLANG_CXX_LANGUAGE_STANDARD = "gnu++14";
				CLANG_CXX_LIBRARY = "libc++";
				CLANG_ENABLE_MODULES = YES;
				CLANG_ENABLE_OBJC_ARC = YES;
				CLANG_ENABLE_OBJC_WEAK = YES;
				CLANG_WARN_BLOCK_CAPTURE_AUTORELEASING = YES;
				CLANG_WARN_BOOL_CONVERSION = YES;
				CLANG_WARN_COMMA = YES;
				CLANG_WARN_CONSTANT_CONVERSION = YES;
				CLANG_WARN_DEPRECATED_OBJC_IMPLEMENTATIONS = YES;
				CLANG_WARN_DIRECT_OBJC_ISA_USAGE = YES_ERROR;
				CLANG_WARN_DOCUMENTATION_COMMENTS = YES;
				CLANG_WARN_EMPTY_BODY = YES;
				CLANG_WARN_ENUM_CONVERSION = YES;
				CLANG_WARN_INFINITE_RECURSION = YES;
				CLANG_WARN_INT_CONVERSION = YES;
				CLANG_WARN_NON_LITERAL_NULL_CONVERSION = YES;
				CLANG_WARN_OBJC_IMPLICIT_RETAIN_SELF = YES;
				CLANG_WARN_OBJC_LITERAL_CONVERSION = YES;
				CLANG_WARN_OBJC_ROOT_CLASS = YES_ERROR;
				CLANG_WARN_RANGE_LOOP_ANALYSIS = YES;
				CLANG_WARN_STRICT_PROTOTYPES = YES;
				CLANG_WARN_SUSPICIOUS_MOVE = YES;
				CLANG_WARN_UNGUARDED_AVAILABILITY = YES_AGGRESSIVE;
				CLANG_WARN_UNREACHABLE_CODE = YES;
				CLANG_WARN__DUPLICATE_METHOD_MATCH = YES;
				COPY_PHASE_STRIP = NO;
				DEBUG_INFORMATION_FORMAT = dwarf;
				ENABLE_STRICT_OBJC_MSGSEND = YES;
				ENABLE_TESTABILITY = YES;
				GCC_C_LANGUAGE_STANDARD = gnu11;
				GCC_DYNAMIC_NO_PIC = NO;
				GCC_NO_COMMON_BLOCKS = YES;
				GCC_OPTIMIZATION_LEVEL = 0;
				GCC_PREPROCESSOR_DEFINITIONS = (
					"DEBUG=1",
					"$(inherited)",
				);
				GCC_WARN_64_TO_32_BIT_CONVERSION = YES;
				GCC_WARN_ABOUT_RETURN_TYPE = YES_ERROR;
				GCC_WARN_UNDECLARED_SELECTOR = YES;
				GCC_WARN_UNINITIALIZED_AUTOS = YES_AGGRESSIVE;
				GCC_WARN_UNUSED_FUNCTION = YES;
				GCC_WARN_UNUSED_VARIABLE = YES;
				IPHONEOS_DEPLOYMENT_TARGET = 13.4;
				MTL_ENABLE_DEBUG_INFO = INCLUDE_SOURCE;
				MTL_FAST_MATH = YES;
				ONLY_ACTIVE_ARCH = YES;
				SDKROOT = iphoneos;
				SWIFT_ACTIVE_COMPILATION_CONDITIONS = DEBUG;
				SWIFT_OPTIMIZATION_LEVEL = "-Onone";
			};
			name = Debug;
		};
		CDDDBE83246AD5E000D8BADC /* Release */ = {
			isa = XCBuildConfiguration;
			buildSettings = {
				ALWAYS_SEARCH_USER_PATHS = NO;
				CLANG_ANALYZER_NONNULL = YES;
				CLANG_ANALYZER_NUMBER_OBJECT_CONVERSION = YES_AGGRESSIVE;
				CLANG_CXX_LANGUAGE_STANDARD = "gnu++14";
				CLANG_CXX_LIBRARY = "libc++";
				CLANG_ENABLE_MODULES = YES;
				CLANG_ENABLE_OBJC_ARC = YES;
				CLANG_ENABLE_OBJC_WEAK = YES;
				CLANG_WARN_BLOCK_CAPTURE_AUTORELEASING = YES;
				CLANG_WARN_BOOL_CONVERSION = YES;
				CLANG_WARN_COMMA = YES;
				CLANG_WARN_CONSTANT_CONVERSION = YES;
				CLANG_WARN_DEPRECATED_OBJC_IMPLEMENTATIONS = YES;
				CLANG_WARN_DIRECT_OBJC_ISA_USAGE = YES_ERROR;
				CLANG_WARN_DOCUMENTATION_COMMENTS = YES;
				CLANG_WARN_EMPTY_BODY = YES;
				CLANG_WARN_ENUM_CONVERSION = YES;
				CLANG_WARN_INFINITE_RECURSION = YES;
				CLANG_WARN_INT_CONVERSION = YES;
				CLANG_WARN_NON_LITERAL_NULL_CONVERSION = YES;
				CLANG_WARN_OBJC_IMPLICIT_RETAIN_SELF = YES;
				CLANG_WARN_OBJC_LITERAL_CONVERSION = YES;
				CLANG_WARN_OBJC_ROOT_CLASS = YES_ERROR;
				CLANG_WARN_RANGE_LOOP_ANALYSIS = YES;
				CLANG_WARN_STRICT_PROTOTYPES = YES;
				CLANG_WARN_SUSPICIOUS_MOVE = YES;
				CLANG_WARN_UNGUARDED_AVAILABILITY = YES_AGGRESSIVE;
				CLANG_WARN_UNREACHABLE_CODE = YES;
				CLANG_WARN__DUPLICATE_METHOD_MATCH = YES;
				COPY_PHASE_STRIP = NO;
				DEBUG_INFORMATION_FORMAT = "dwarf-with-dsym";
				ENABLE_NS_ASSERTIONS = NO;
				ENABLE_STRICT_OBJC_MSGSEND = YES;
				GCC_C_LANGUAGE_STANDARD = gnu11;
				GCC_NO_COMMON_BLOCKS = YES;
				GCC_WARN_64_TO_32_BIT_CONVERSION = YES;
				GCC_WARN_ABOUT_RETURN_TYPE = YES_ERROR;
				GCC_WARN_UNDECLARED_SELECTOR = YES;
				GCC_WARN_UNINITIALIZED_AUTOS = YES_AGGRESSIVE;
				GCC_WARN_UNUSED_FUNCTION = YES;
				GCC_WARN_UNUSED_VARIABLE = YES;
				IPHONEOS_DEPLOYMENT_TARGET = 13.4;
				MTL_ENABLE_DEBUG_INFO = NO;
				MTL_FAST_MATH = YES;
				SDKROOT = iphoneos;
				SWIFT_COMPILATION_MODE = wholemodule;
				SWIFT_OPTIMIZATION_LEVEL = "-O";
				VALIDATE_PRODUCT = YES;
			};
			name = Release;
		};
		CDDDBE85246AD5E000D8BADC /* Debug */ = {
			isa = XCBuildConfiguration;
			buildSettings = {
				ASSETCATALOG_COMPILER_APPICON_NAME = AppIcon;
				CODE_SIGN_STYLE = Automatic;
				DEVELOPMENT_ASSET_PATHS = "\"Dice/Preview Content\"";
				DEVELOPMENT_TEAM = Z7788V56C7;
				ENABLE_PREVIEWS = YES;
				INFOPLIST_FILE = Dice/Info.plist;
				LD_RUNPATH_SEARCH_PATHS = (
					"$(inherited)",
					"@executable_path/Frameworks",
				);
				PRODUCT_BUNDLE_IDENTIFIER = com.vladvrublevsky.Dice;
				PRODUCT_NAME = "$(TARGET_NAME)";
				SWIFT_VERSION = 5.0;
				TARGETED_DEVICE_FAMILY = "1,2";
			};
			name = Debug;
		};
		CDDDBE86246AD5E000D8BADC /* Release */ = {
			isa = XCBuildConfiguration;
			buildSettings = {
				ASSETCATALOG_COMPILER_APPICON_NAME = AppIcon;
				CODE_SIGN_STYLE = Automatic;
				DEVELOPMENT_ASSET_PATHS = "\"Dice/Preview Content\"";
				DEVELOPMENT_TEAM = Z7788V56C7;
				ENABLE_PREVIEWS = YES;
				INFOPLIST_FILE = Dice/Info.plist;
				LD_RUNPATH_SEARCH_PATHS = (
					"$(inherited)",
					"@executable_path/Frameworks",
				);
				PRODUCT_BUNDLE_IDENTIFIER = com.vladvrublevsky.Dice;
				PRODUCT_NAME = "$(TARGET_NAME)";
				SWIFT_VERSION = 5.0;
				TARGETED_DEVICE_FAMILY = "1,2";
			};
			name = Release;
		};
/* End XCBuildConfiguration section */

/* Begin XCConfigurationList section */
		CDDDBE68246AD5DD00D8BADC /* Build configuration list for PBXProject "Dice" */ = {
			isa = XCConfigurationList;
			buildConfigurations = (
				CDDDBE82246AD5E000D8BADC /* Debug */,
				CDDDBE83246AD5E000D8BADC /* Release */,
			);
			defaultConfigurationIsVisible = 0;
			defaultConfigurationName = Release;
		};
		CDDDBE84246AD5E000D8BADC /* Build configuration list for PBXNativeTarget "Dice" */ = {
			isa = XCConfigurationList;
			buildConfigurations = (
				CDDDBE85246AD5E000D8BADC /* Debug */,
				CDDDBE86246AD5E000D8BADC /* Release */,
			);
			defaultConfigurationIsVisible = 0;
			defaultConfigurationName = Release;
		};
/* End XCConfigurationList section */

/* Begin XCVersionGroup section */
		CDDDBE74246AD5DE00D8BADC /* Dice.xcdatamodeld */ = {
			isa = XCVersionGroup;
			children = (
				CDDDBE75246AD5DE00D8BADC /* Dice.xcdatamodel */,
			);
			currentVersion = CDDDBE75246AD5DE00D8BADC /* Dice.xcdatamodel */;
			path = Dice.xcdatamodeld;
			sourceTree = "<group>";
			versionGroupType = wrapper.xcdatamodel;
		};
/* End XCVersionGroup section */
	};
	rootObject = CDDDBE65246AD5DD00D8BADC /* Project object */;
}
